// !$*UTF8*$!
{
	archiveVersion = 1;
	classes = {
	};
	objectVersion = 56;
	objects = {

/* Begin PBXBuildFile section */
		3000A201000000000001 /* QuickReflexPrompt.swift in Sources */ = {isa = PBXBuildFile; fileRef = 2000A201000000000001 /* QuickReflexPrompt.swift */; };
		3000A201000000000002 /* QuickReflexPromptFactory.swift in Sources */ = {isa = PBXBuildFile; fileRef = 2000A201000000000002 /* QuickReflexPromptFactory.swift */; };
		3000A201000000000003 /* TargetExpressionMatcher.swift in Sources */ = {isa = PBXBuildFile; fileRef = 2000A201000000000003 /* TargetExpressionMatcher.swift */; };
		3000A20100000000000B /* CollocationExtractor.swift in Sources */ = {isa = PBXBuildFile; fileRef = 2000A20100000000000B /* CollocationExtractor.swift */; };
		3000A201000000000004 /* QuickReflexAttempt.swift in Sources */ = {isa = PBXBuildFile; fileRef = 2000A201000000000004 /* QuickReflexAttempt.swift */; };
		3000A201000000000005 /* QuickReflexAttemptRepositoryProtocol.swift in Sources */ = {isa = PBXBuildFile; fileRef = 2000A201000000000005 /* QuickReflexAttemptRepositoryProtocol.swift */; };
		3000A201000000000006 /* QuickReflexAttemptRepositoryImpl.swift in Sources */ = {isa = PBXBuildFile; fileRef = 2000A201000000000006 /* QuickReflexAttemptRepositoryImpl.swift */; };
		3000A201000000000007 /* QuickReflexPromptFactoryTests.swift in Sources */ = {isa = PBXBuildFile; fileRef = 2000A201000000000007 /* QuickReflexPromptFactoryTests.swift */; };
		3000A201000000000009 /* TargetExpressionMatcherTests.swift in Sources */ = {isa = PBXBuildFile; fileRef = 2000A201000000000009 /* TargetExpressionMatcherTests.swift */; };
		3000A20100000000000A /* QuickReflexAttemptRepositoryTests.swift in Sources */ = {isa = PBXBuildFile; fileRef = 2000A20100000000000A /* QuickReflexAttemptRepositoryTests.swift */; };
		3000A20100000000000C /* CollocationExtractorTests.swift in Sources */ = {isa = PBXBuildFile; fileRef = 2000A20100000000000C /* CollocationExtractorTests.swift */; };
		300008F15FA2F8FA1668 /* VocabularyFilterService.swift in Sources */ = {isa = PBXBuildFile; fileRef = 200008F15FA2F8FA1668 /* VocabularyFilterService.swift */; };
		300008F25FA2F8FA1668 /* AppRouter.swift in Sources */ = {isa = PBXBuildFile; fileRef = 200008F25FA2F8FA1668 /* AppRouter.swift */; };
		300008F35FA2F8FA1668 /* DatasetDataSourceProtocol.swift in Sources */ = {isa = PBXBuildFile; fileRef = 200008F35FA2F8FA1668 /* DatasetDataSourceProtocol.swift */; };
		300008F45FA2F8FA1668 /* VocabularyFilterServiceTests.swift in Sources */ = {isa = PBXBuildFile; fileRef = 200008F45FA2F8FA1668 /* VocabularyFilterServiceTests.swift */; };
		300008F55FA2F8FA1668 /* AppRouterTests.swift in Sources */ = {isa = PBXBuildFile; fileRef = 200008F55FA2F8FA1668 /* AppRouterTests.swift */; };
		300008F65FA2F8FA1668 /* DatasetDataSourceTests.swift in Sources */ = {isa = PBXBuildFile; fileRef = 200008F65FA2F8FA1668 /* DatasetDataSourceTests.swift */; };
		300000402D50000000000002 /* VocabCraftWidgetExtension.appex in Embed App Extensions */ = {isa = PBXBuildFile; fileRef = 200000402D50000000000000 /* VocabCraftWidgetExtension.appex */; settings = {ATTRIBUTES = (RemoveHeadersOnCopy, ); }; };
		300001F55FA2F8FA1668 /* FetchVocabularyUseCase.swift in Sources */ = {isa = PBXBuildFile; fileRef = 200001F55FA2F8FA1668 /* FetchVocabularyUseCase.swift */; };
		300002284C02A8E338C2 /* VocabWidgetBundle.swift in Sources */ = {isa = PBXBuildFile; fileRef = 200002284C02A8E338C2 /* VocabWidgetBundle.swift */; };
		300002C5048BEE69D758 /* TopicDecksGridView.swift in Sources */ = {isa = PBXBuildFile; fileRef = 200002C5048BEE69D758 /* TopicDecksGridView.swift */; };
		300008890465B3CF1A36 /* SearchNewWordView.swift in Sources */ = {isa = PBXBuildFile; fileRef = 200008890465B3CF1A36 /* SearchNewWordView.swift */; };
		30000DD711B4AA5C7E90 /* WordAccordionCard.swift in Sources */ = {isa = PBXBuildFile; fileRef = 20000DD711B4AA5C7E90 /* WordAccordionCard.swift */; };
		3000129F1C781D6703DB /* ReflexFlipCardViewTests.swift in Sources */ = {isa = PBXBuildFile; fileRef = 2000129F1C781D6703DB /* ReflexFlipCardViewTests.swift */; };
		300014ABEEFD5E14865F /* MarkLearnedIntent.swift in Sources */ = {isa = PBXBuildFile; fileRef = 200014ABEEFD5E14865F /* MarkLearnedIntent.swift */; };
		3000174FE7B23888C774 /* VocabularyRepositoryImpl.swift in Sources */ = {isa = PBXBuildFile; fileRef = 2000174FE7B23888C774 /* VocabularyRepositoryImpl.swift */; };
		30001869ACE6A7807D33 /* SettingsViewModel.swift in Sources */ = {isa = PBXBuildFile; fileRef = 20001869ACE6A7807D33 /* SettingsViewModel.swift */; };
		30001B54BD9C7BC878A1 /* SRSRepositoryProtocol.swift in Sources */ = {isa = PBXBuildFile; fileRef = 20001B54BD9C7BC878A1 /* SRSRepositoryProtocol.swift */; };
		300020749F4D43ABD652 /* SRSMemoryHeroCard.swift in Sources */ = {isa = PBXBuildFile; fileRef = 200020749F4D43ABD652 /* SRSMemoryHeroCard.swift */; };
		300020A86E4013F2A9E9 /* ProfileHeaderCard.swift in Sources */ = {isa = PBXBuildFile; fileRef = 200020A86E4013F2A9E9 /* ProfileHeaderCard.swift */; };
		30002717CA572B9B21A6 /* SRSRepositoryImpl.swift in Sources */ = {isa = PBXBuildFile; fileRef = 20002717CA572B9B21A6 /* SRSRepositoryImpl.swift */; };
		30002A121BF620A9A229 /* Word.swift in Sources */ = {isa = PBXBuildFile; fileRef = 20002A121BF620A9A229 /* Word.swift */; };
		30002A4CBDD7D76C361F /* HeaderView.swift in Sources */ = {isa = PBXBuildFile; fileRef = 20002A4CBDD7D76C361F /* HeaderView.swift */; };
		300031F097ABA2148D97 /* HeaderViewTests.swift in Sources */ = {isa = PBXBuildFile; fileRef = 200031F097ABA2148D97 /* HeaderViewTests.swift */; };
		30003498E286D20C1EBC /* SRSEngine.swift in Sources */ = {isa = PBXBuildFile; fileRef = 20003498E286D20C1EBC /* SRSEngine.swift */; };
		300034E8C11F48348C6D /* HomepageView.swift in Sources */ = {isa = PBXBuildFile; fileRef = 200034E8C11F48348C6D /* HomepageView.swift */; };
		300036675EAE3D605018 /* SuggestedWord.swift in Sources */ = {isa = PBXBuildFile; fileRef = 200036675EAE3D605018 /* SuggestedWord.swift */; };
		30003F8BC4CF0102DDE2 /* SubTopicStudySessionViewTests.swift in Sources */ = {isa = PBXBuildFile; fileRef = 20003F8BC4CF0102DDE2 /* SubTopicStudySessionViewTests.swift */; };
		30003F92B199F9827BCA /* CEFRDistributionCard.swift in Sources */ = {isa = PBXBuildFile; fileRef = 20003F92B199F9827BCA /* CEFRDistributionCard.swift */; };
		300041B134BDE2385881 /* VocabularyViewTests.swift in Sources */ = {isa = PBXBuildFile; fileRef = 200041B134BDE2385881 /* VocabularyViewTests.swift */; };
		30004690023DBF023642 /* SubTopicStudySessionView.swift in Sources */ = {isa = PBXBuildFile; fileRef = 20004690023DBF023642 /* SubTopicStudySessionView.swift */; };
		3000473CACA7476916FA /* VocabWidget.swift in Sources */ = {isa = PBXBuildFile; fileRef = 2000473CACA7476916FA /* VocabWidget.swift */; };
		30004CE3746FBD029DA6 /* WordItem.swift in Sources */ = {isa = PBXBuildFile; fileRef = 20004CE3746FBD029DA6 /* WordItem.swift */; };
		30004D5A668F6276E9BC /* SettingsViewTests.swift in Sources */ = {isa = PBXBuildFile; fileRef = 20004D5A668F6276E9BC /* SettingsViewTests.swift */; };
		30004E04DA4BC3CA718A /* QuickDrillStep.swift in Sources */ = {isa = PBXBuildFile; fileRef = 20004E04DA4BC3CA718A /* QuickDrillStep.swift */; };
		30004EBBFAE9BCDF3AB9 /* HomepageViewTests.swift in Sources */ = {isa = PBXBuildFile; fileRef = 20004EBBFAE9BCDF3AB9 /* HomepageViewTests.swift */; };
		300051810A7B65A07F9A /* VocabularyModelsTests.swift in Sources */ = {isa = PBXBuildFile; fileRef = 200051810A7B65A07F9A /* VocabularyModelsTests.swift */; };
		300054D51843DFDCEB06 /* SpeechRecognitionService.swift in Sources */ = {isa = PBXBuildFile; fileRef = 200054D51843DFDCEB06 /* SpeechRecognitionService.swift */; };
		300054D59B97E59482EE /* DatasetEngine.swift in Sources */ = {isa = PBXBuildFile; fileRef = 200054D59B97E59482EE /* DatasetEngine.swift */; };
		300055893DED0D8FA1E3 /* DatasetEngineTests.swift in Sources */ = {isa = PBXBuildFile; fileRef = 200055893DED0D8FA1E3 /* DatasetEngineTests.swift */; };
		300059ED8728D30706F6 /* TopicDeckDetailView.swift in Sources */ = {isa = PBXBuildFile; fileRef = 200059ED8728D30706F6 /* TopicDeckDetailView.swift */; };
		30005B77B1A1EFC9EA05 /* ActionCardsGrid.swift in Sources */ = {isa = PBXBuildFile; fileRef = 20005B77B1A1EFC9EA05 /* ActionCardsGrid.swift */; };
		30005D17660A661FF2F5 /* VocabCraftApp.swift in Sources */ = {isa = PBXBuildFile; fileRef = 20005D17660A661FF2F5 /* VocabCraftApp.swift */; };
		30006C3205A7C09C3ED0 /* TopicDeckModelsTests.swift in Sources */ = {isa = PBXBuildFile; fileRef = 20006C3205A7C09C3ED0 /* TopicDeckModelsTests.swift */; };
		300073FE6FA5AB57DCF7 /* VocabularySummaryCard.swift in Sources */ = {isa = PBXBuildFile; fileRef = 200073FE6FA5AB57DCF7 /* VocabularySummaryCard.swift */; };
		30007465AED07FB92017 /* ReflexDrillView.swift in Sources */ = {isa = PBXBuildFile; fileRef = 20007465AED07FB92017 /* ReflexDrillView.swift */; };
		30007597124286610F99 /* MockVocabularyDataSource.swift in Sources */ = {isa = PBXBuildFile; fileRef = 20007597124286610F99 /* MockVocabularyDataSource.swift */; };
		300075A9C43B4E98CD5D /* VocabWidgetView.swift in Sources */ = {isa = PBXBuildFile; fileRef = 200075A9C43B4E98CD5D /* VocabWidgetView.swift */; };
		30007E84695DF55F278D /* SettingsViewModelTests.swift in Sources */ = {isa = PBXBuildFile; fileRef = 20007E84695DF55F278D /* SettingsViewModelTests.swift */; };
		300080D6E75B2F2E5FAD /* QuickReflexDrillSheetView.swift in Sources */ = {isa = PBXBuildFile; fileRef = 200080D6E75B2F2E5FAD /* QuickReflexDrillSheetView.swift */; };
		300084512C285C79A09D /* WidgetIntentsTests.swift in Sources */ = {isa = PBXBuildFile; fileRef = 200084512C285C79A09D /* WidgetIntentsTests.swift */; };
		3000871815071728E145 /* VocabularyViewsTests.swift in Sources */ = {isa = PBXBuildFile; fileRef = 2000871815071728E145 /* VocabularyViewsTests.swift */; };
		30008890835203644360 /* SubTopicSessionEngine.swift in Sources */ = {isa = PBXBuildFile; fileRef = 20008890835203644360 /* SubTopicSessionEngine.swift */; };
		30008990938AED4AD135 /* HomepageViewModel.swift in Sources */ = {isa = PBXBuildFile; fileRef = 20008990938AED4AD135 /* HomepageViewModel.swift */; };
		300089ECF8394BCF829D /* SubTopicSessionSummaryView.swift in Sources */ = {isa = PBXBuildFile; fileRef = 200089ECF8394BCF829D /* SubTopicSessionSummaryView.swift */; };
		30008C6450FFC705ADA3 /* SharedAppGroupContainer.swift in Sources */ = {isa = PBXBuildFile; fileRef = 20008C6450FFC705ADA3 /* SharedAppGroupContainer.swift */; };
		300091F224DACBC284B0 /* MockVocabularyRepository.swift in Sources */ = {isa = PBXBuildFile; fileRef = 200091F224DACBC284B0 /* MockVocabularyRepository.swift */; };
		3000928AAF987BEB4203 /* UserSettingsStore.swift in Sources */ = {isa = PBXBuildFile; fileRef = 2000928AAF987BEB4203 /* UserSettingsStore.swift */; };
		3000A111222333445566 /* AppStrings.swift in Sources */ = {isa = PBXBuildFile; fileRef = 2000A111222333445566 /* AppStrings.swift */; };
		3000B111222333445566 /* Localizable.xcstrings in Sources */ = {isa = PBXBuildFile; fileRef = 2000B111222333445566 /* Localizable.xcstrings */; };
		300096513C5AE8139597 /* MobileSearchView.swift in Sources */ = {isa = PBXBuildFile; fileRef = 200096513C5AE8139597 /* MobileSearchView.swift */; };
		30009A66CE4FB106804A /* ReflexDrillViewModelTests.swift in Sources */ = {isa = PBXBuildFile; fileRef = 20009A66CE4FB106804A /* ReflexDrillViewModelTests.swift */; };
		30009AC1BB7654E455DF /* SwiftDataModels.swift in Sources */ = {isa = PBXBuildFile; fileRef = 20009AC1BB7654E455DF /* SwiftDataModels.swift */; };
		30009BA5E0FA3F4BBCE5 /* AudioServiceProtocols.swift in Sources */ = {isa = PBXBuildFile; fileRef = 20009BA5E0FA3F4BBCE5 /* AudioServiceProtocols.swift */; };
		30009BBF16DB9BD6F1CE /* SubTopicSessionSummaryViewTests.swift in Sources */ = {isa = PBXBuildFile; fileRef = 20009BBF16DB9BD6F1CE /* SubTopicSessionSummaryViewTests.swift */; };
		3000A2F071BDE838E61F /* VocabularyViewModel.swift in Sources */ = {isa = PBXBuildFile; fileRef = 2000A2F071BDE838E61F /* VocabularyViewModel.swift */; };
		3000A6E85473D55734B1 /* StudySessionViewModel.swift in Sources */ = {isa = PBXBuildFile; fileRef = 2000A6E85473D55734B1 /* StudySessionViewModel.swift */; };
		3000A91CFCCE87349186 /* VocabularyRepositoryProtocol.swift in Sources */ = {isa = PBXBuildFile; fileRef = 2000A91CFCCE87349186 /* VocabularyRepositoryProtocol.swift */; };
		3000A970E3851B674608 /* SubTopicPreviewSheet.swift in Sources */ = {isa = PBXBuildFile; fileRef = 2000A970E3851B674608 /* SubTopicPreviewSheet.swift */; };
		3000AE48F46F0BF167D1 /* VocabularyView.swift in Sources */ = {isa = PBXBuildFile; fileRef = 2000AE48F46F0BF167D1 /* VocabularyView.swift */; };
		3000B1DEE633B1C8F81E /* SRSEngineTests.swift in Sources */ = {isa = PBXBuildFile; fileRef = 2000B1DEE633B1C8F81E /* SRSEngineTests.swift */; };
		3000B21282A5513A6144 /* Color+VocabCraft.swift in Sources */ = {isa = PBXBuildFile; fileRef = 2000B21282A5513A6144 /* Color+VocabCraft.swift */; };
		3000B4B5FCC45C726654 /* EvaluateSRSUseCase.swift in Sources */ = {isa = PBXBuildFile; fileRef = 2000B4B5FCC45C726654 /* EvaluateSRSUseCase.swift */; };
		3000B5772208CF9770FA /* StudySessionViewModelTests.swift in Sources */ = {isa = PBXBuildFile; fileRef = 2000B5772208CF9770FA /* StudySessionViewModelTests.swift */; };
		3000B63A5CC107F07807 /* SuggestedWordsCardView.swift in Sources */ = {isa = PBXBuildFile; fileRef = 2000B63A5CC107F07807 /* SuggestedWordsCardView.swift */; };
		3000B8BA7058BCC04544 /* MobileSearchViewTests.swift in Sources */ = {isa = PBXBuildFile; fileRef = 2000B8BA7058BCC04544 /* MobileSearchViewTests.swift */; };
		3000B8D5FB4EC872D73A /* VocabularyViewModelTests.swift in Sources */ = {isa = PBXBuildFile; fileRef = 2000B8D5FB4EC872D73A /* VocabularyViewModelTests.swift */; };
		3000BA864DF00075F57F /* QuickReflexDrillViewModelTests.swift in Sources */ = {isa = PBXBuildFile; fileRef = 2000BA864DF00075F57F /* QuickReflexDrillViewModelTests.swift */; };
		3000BEA090FB6DD9E928 /* TextToSpeechService.swift in Sources */ = {isa = PBXBuildFile; fileRef = 2000BEA090FB6DD9E928 /* TextToSpeechService.swift */; };
		3000C27C11DD5CE9F2EC /* TopicDeckModels.swift in Sources */ = {isa = PBXBuildFile; fileRef = 2000C27C11DD5CE9F2EC /* TopicDeckModels.swift */; };
		3000C63E337713EC8B32 /* EvaluateSRSUseCaseTests.swift in Sources */ = {isa = PBXBuildFile; fileRef = 2000C63E337713EC8B32 /* EvaluateSRSUseCaseTests.swift */; };
		3000C94DD80FE52023FA /* NextWordIntent.swift in Sources */ = {isa = PBXBuildFile; fileRef = 2000C94DD80FE52023FA /* NextWordIntent.swift */; };
		3000CD9B3F3B4D5FDBA7 /* UserSettingsStoreTests.swift in Sources */ = {isa = PBXBuildFile; fileRef = 2000CD9B3F3B4D5FDBA7 /* UserSettingsStoreTests.swift */; };
		3000CE88B8551858B787 /* SpeechServiceTests.swift in Sources */ = {isa = PBXBuildFile; fileRef = 2000CE88B8551858B787 /* SpeechServiceTests.swift */; };
		3000D052EA676149B3D6 /* ColorTokensTests.swift in Sources */ = {isa = PBXBuildFile; fileRef = 2000D052EA676149B3D6 /* ColorTokensTests.swift */; };
		3000D1AFA639C3CAA534 /* QuickReflexDrillViewModel.swift in Sources */ = {isa = PBXBuildFile; fileRef = 2000D1AFA639C3CAA534 /* QuickReflexDrillViewModel.swift */; };
		3000D26FBFB21A7CA2FE /* DatasetModels.swift in Sources */ = {isa = PBXBuildFile; fileRef = 2000D26FBFB21A7CA2FE /* DatasetModels.swift */; };
		3000D3A2E3E9C2B62FFA /* SubTopicSessionEngineTests.swift in Sources */ = {isa = PBXBuildFile; fileRef = 2000D3A2E3E9C2B62FFA /* SubTopicSessionEngineTests.swift */; };
		3000D50F7F5D8C2CEA88 /* QuickDrillStepTests.swift in Sources */ = {isa = PBXBuildFile; fileRef = 2000D50F7F5D8C2CEA88 /* QuickDrillStepTests.swift */; };
		3000DD96DA258E5661BB /* SettingsRowView.swift in Sources */ = {isa = PBXBuildFile; fileRef = 2000DD96DA258E5661BB /* SettingsRowView.swift */; };
		3000DE9D056D85598F6E /* AppContainer.swift in Sources */ = {isa = PBXBuildFile; fileRef = 2000DE9D056D85598F6E /* AppContainer.swift */; };
		3000E0ACD94DDAB84823 /* QuickReflexDrillSheetViewTests.swift in Sources */ = {isa = PBXBuildFile; fileRef = 2000E0ACD94DDAB84823 /* QuickReflexDrillSheetViewTests.swift */; };
		3000E12B85B25E96B828 /* BentoCardsTests.swift in Sources */ = {isa = PBXBuildFile; fileRef = 2000E12B85B25E96B828 /* BentoCardsTests.swift */; };
		3000E3AFED7A38ECFE12 /* TopicDeckDetailViewTests.swift in Sources */ = {isa = PBXBuildFile; fileRef = 2000E3AFED7A38ECFE12 /* TopicDeckDetailViewTests.swift */; };
		3000EA1A05F3921C21B6 /* UserProgressModelActor.swift in Sources */ = {isa = PBXBuildFile; fileRef = 2000EA1A05F3921C21B6 /* UserProgressModelActor.swift */; };
		3000EAE4A7B7D61EA805 /* ReflexDrillViewTests.swift in Sources */ = {isa = PBXBuildFile; fileRef = 2000EAE4A7B7D61EA805 /* ReflexDrillViewTests.swift */; };
		3000F020886343A9460C /* SuggestedWordsCardViewTests.swift in Sources */ = {isa = PBXBuildFile; fileRef = 2000F020886343A9460C /* SuggestedWordsCardViewTests.swift */; };
		3000F3EB39E8AC94F8B1 /* SRSSparkleEffectView.swift in Sources */ = {isa = PBXBuildFile; fileRef = 2000F3EB39E8AC94F8B1 /* SRSSparkleEffectView.swift */; };
		3000A1A2B3C4D5E6F7890001 /* VocabMicControlHubView.swift in Sources */ = {isa = PBXBuildFile; fileRef = 2000A1A2B3C4D5E6F7890001 /* VocabMicControlHubView.swift */; };
		3000A1A2B3C4D5E6F7890002 /* VocabSpeechVisualizerView.swift in Sources */ = {isa = PBXBuildFile; fileRef = 2000A1A2B3C4D5E6F7890002 /* VocabSpeechVisualizerView.swift */; };
		3000F5E38233F07AA9F3 /* LiquidGlassTabBar.swift in Sources */ = {isa = PBXBuildFile; fileRef = 2000F5E38233F07AA9F3 /* LiquidGlassTabBar.swift */; };
		3000F67BBB703E2C8F8D /* SubTopicPreviewSheetTests.swift in Sources */ = {isa = PBXBuildFile; fileRef = 2000F67BBB703E2C8F8D /* SubTopicPreviewSheetTests.swift */; };
		3000F862E9AA098E9263 /* SettingsView.swift in Sources */ = {isa = PBXBuildFile; fileRef = 2000F862E9AA098E9263 /* SettingsView.swift */; };
		3000F8D39E9F4428B5C0 /* ReflexDrillViewModel.swift in Sources */ = {isa = PBXBuildFile; fileRef = 2000F8D39E9F4428B5C0 /* ReflexDrillViewModel.swift */; };
		3000FAC198AA799A3AC5 /* SwiftDataModelsTests.swift in Sources */ = {isa = PBXBuildFile; fileRef = 2000FAC198AA799A3AC5 /* SwiftDataModelsTests.swift */; };
		3000FAD85B1C0D0923C5 /* EnvironmentKeys.swift in Sources */ = {isa = PBXBuildFile; fileRef = 2000FAD85B1C0D0923C5 /* EnvironmentKeys.swift */; };
		3000FBE3EC435722C797 /* MockVocabularyRepository.swift in Sources */ = {isa = PBXBuildFile; fileRef = 2000FBE3EC435722C797 /* MockVocabularyRepository.swift */; };
		3000FE45C5E45EEC44B5 /* ReflexFlipCardView.swift in Sources */ = {isa = PBXBuildFile; fileRef = 2000FE45C5E45EEC44B5 /* ReflexFlipCardView.swift */; };
		30010ECE298907299966 /* SharedAppGroupContainer.swift in Sources */ = {isa = PBXBuildFile; fileRef = 20008C6450FFC705ADA3 /* SharedAppGroupContainer.swift */; };
		300132D6AE8B05DECF03 /* DatasetEngine.swift in Sources */ = {isa = PBXBuildFile; fileRef = 200054D59B97E59482EE /* DatasetEngine.swift */; };
		3001573EA4CC3FAE2D09 /* SwiftDataModels.swift in Sources */ = {isa = PBXBuildFile; fileRef = 20009AC1BB7654E455DF /* SwiftDataModels.swift */; };
		30019977515C5A5B7FC8 /* DatasetModels.swift in Sources */ = {isa = PBXBuildFile; fileRef = 2000D26FBFB21A7CA2FE /* DatasetModels.swift */; };
		3001A8C3A90BD362D3C1 /* SRSEngine.swift in Sources */ = {isa = PBXBuildFile; fileRef = 20003498E286D20C1EBC /* SRSEngine.swift */; };
		300039B0E8475383FEFA /* SilenceDetector.swift in Sources */ = {isa = PBXBuildFile; fileRef = 200039B0E8475383FEFA /* SilenceDetector.swift */; };
		3000D37579A0D86E8769 /* SpeechRecognitionEngine.swift in Sources */ = {isa = PBXBuildFile; fileRef = 2000D37579A0D86E8769 /* SpeechRecognitionEngine.swift */; };
		3000FADDE6CA3EA1DA38 /* FuzzySpeechMatcher.swift in Sources */ = {isa = PBXBuildFile; fileRef = 2000FADDE6CA3EA1DA38 /* FuzzySpeechMatcher.swift */; };
		3000C15AB5EAE471F6F0 /* SequenceAligner.swift in Sources */ = {isa = PBXBuildFile; fileRef = 2000C15AB5EAE471F6F0 /* SequenceAligner.swift */; };
		3000AD238354265694ED /* StringNormalizer.swift in Sources */ = {isa = PBXBuildFile; fileRef = 2000AD238354265694ED /* StringNormalizer.swift */; };
		3000DD35B1FA84ABCE05 /* SpeechEvaluationResult.swift in Sources */ = {isa = PBXBuildFile; fileRef = 2000DD35B1FA84ABCE05 /* SpeechEvaluationResult.swift */; };
		300075B525D12FA887F6 /* SpeechKitError.swift in Sources */ = {isa = PBXBuildFile; fileRef = 200075B525D12FA887F6 /* SpeechKitError.swift */; };
		3000355C892D49CEE080 /* WordMatchStatus.swift in Sources */ = {isa = PBXBuildFile; fileRef = 2000355C892D49CEE080 /* WordMatchStatus.swift */; };
		3000802DF61246A27CC0 /* WordTokenResult.swift in Sources */ = {isa = PBXBuildFile; fileRef = 2000802DF61246A27CC0 /* WordTokenResult.swift */; };
		3000EBFFD548C273DED3 /* SpeechAssessmentProtocol.swift in Sources */ = {isa = PBXBuildFile; fileRef = 2000EBFFD548C273DED3 /* SpeechAssessmentProtocol.swift */; };
		30007BF8B72CFEC3007C /* SpeechAssessmentService.swift in Sources */ = {isa = PBXBuildFile; fileRef = 20007BF8B72CFEC3007C /* SpeechAssessmentService.swift */; };
		3000C11273B413F47E21 /* SpeechWordHighlightView.swift in Sources */ = {isa = PBXBuildFile; fileRef = 2000C11273B413F47E21 /* SpeechWordHighlightView.swift */; };
		3000A97D89A8D2F003B0 /* FuzzySpeechMatcherTests.swift in Sources */ = {isa = PBXBuildFile; fileRef = 2000A97D89A8D2F003B0 /* FuzzySpeechMatcherTests.swift */; };
		300040B2BA42F6B0A168 /* SilenceDetectorTests.swift in Sources */ = {isa = PBXBuildFile; fileRef = 200040B2BA42F6B0A168 /* SilenceDetectorTests.swift */; };
		3000E580CD8F30CC7BC8 /* SpeechAssessmentServiceTests.swift in Sources */ = {isa = PBXBuildFile; fileRef = 2000E580CD8F30CC7BC8 /* SpeechAssessmentServiceTests.swift */; };
		3000A302D996E4804027 /* SpeechKitModelTests.swift in Sources */ = {isa = PBXBuildFile; fileRef = 2000A302D996E4804027 /* SpeechKitModelTests.swift */; };
		300083E7229A9CC492C1 /* SpeechWordHighlightViewTests.swift in Sources */ = {isa = PBXBuildFile; fileRef = 200083E7229A9CC492C1 /* SpeechWordHighlightViewTests.swift */; };
		30003758086F870878E1 /* StringNormalizerTests.swift in Sources */ = {isa = PBXBuildFile; fileRef = 20003758086F870878E1 /* StringNormalizerTests.swift */; };
		30004C19D2AB6B584153 /* ReflexDrillViewModelSpeechTests.swift in Sources */ = {isa = PBXBuildFile; fileRef = 20004C19D2AB6B584153 /* ReflexDrillViewModelSpeechTests.swift */; };
/* End PBXBuildFile section */

/* Begin PBXContainerItemProxy section */
		6DDC7997302C78A200A87070 /* PBXContainerItemProxy */ = {
			isa = PBXContainerItemProxy;
			containerPortal = 100000002D50000000000000 /* Project object */;
			proxyType = 1;
			remoteGlobalIDString = 600000022D50000000000000;
			remoteInfo = VocabCraftWidgetExtension;
		};
		6DDC7998302C78A200A87070 /* PBXContainerItemProxy */ = {
			isa = PBXContainerItemProxy;
			containerPortal = 100000002D50000000000000 /* Project object */;
			proxyType = 1;
			remoteGlobalIDString = 600000012D50000000000000;
			remoteInfo = VocabCraftApp;
		};
/* End PBXContainerItemProxy section */

/* Begin PBXCopyFilesBuildPhase section */
		100000002D50000000000099 /* Embed App Extensions */ = {
			isa = PBXCopyFilesBuildPhase;
			buildActionMask = 2147483647;
			dstPath = "";
			dstSubfolderSpec = 13;
			files = (
				300000402D50000000000002 /* VocabCraftWidgetExtension.appex in Embed App Extensions */,
			);
			name = "Embed App Extensions";
			runOnlyForDeploymentPostprocessing = 0;
		};
/* End PBXCopyFilesBuildPhase section */

/* Begin PBXFileReference section */
		2000A201000000000001 /* QuickReflexPrompt.swift */ = {isa = PBXFileReference; lastKnownFileType = sourcecode.swift; path = QuickReflexPrompt.swift; sourceTree = "<group>"; };
		2000A201000000000002 /* QuickReflexPromptFactory.swift */ = {isa = PBXFileReference; lastKnownFileType = sourcecode.swift; path = QuickReflexPromptFactory.swift; sourceTree = "<group>"; };
		2000A201000000000003 /* TargetExpressionMatcher.swift */ = {isa = PBXFileReference; lastKnownFileType = sourcecode.swift; path = TargetExpressionMatcher.swift; sourceTree = "<group>"; };
		2000A20100000000000B /* CollocationExtractor.swift */ = {isa = PBXFileReference; lastKnownFileType = sourcecode.swift; path = CollocationExtractor.swift; sourceTree = "<group>"; };
		2000A201000000000004 /* QuickReflexAttempt.swift */ = {isa = PBXFileReference; lastKnownFileType = sourcecode.swift; path = QuickReflexAttempt.swift; sourceTree = "<group>"; };
		2000A201000000000005 /* QuickReflexAttemptRepositoryProtocol.swift */ = {isa = PBXFileReference; lastKnownFileType = sourcecode.swift; path = QuickReflexAttemptRepositoryProtocol.swift; sourceTree = "<group>"; };
		2000A201000000000006 /* QuickReflexAttemptRepositoryImpl.swift */ = {isa = PBXFileReference; lastKnownFileType = sourcecode.swift; path = QuickReflexAttemptRepositoryImpl.swift; sourceTree = "<group>"; };
		2000A201000000000007 /* QuickReflexPromptFactoryTests.swift */ = {isa = PBXFileReference; lastKnownFileType = sourcecode.swift; path = QuickReflexPromptFactoryTests.swift; sourceTree = "<group>"; };
		2000A201000000000009 /* TargetExpressionMatcherTests.swift */ = {isa = PBXFileReference; lastKnownFileType = sourcecode.swift; path = TargetExpressionMatcherTests.swift; sourceTree = "<group>"; };
		2000A20100000000000A /* QuickReflexAttemptRepositoryTests.swift */ = {isa = PBXFileReference; lastKnownFileType = sourcecode.swift; path = QuickReflexAttemptRepositoryTests.swift; sourceTree = "<group>"; };
		2000A20100000000000C /* CollocationExtractorTests.swift */ = {isa = PBXFileReference; lastKnownFileType = sourcecode.swift; path = CollocationExtractorTests.swift; sourceTree = "<group>"; };
		200008F15FA2F8FA1668 /* VocabularyFilterService.swift */ = {isa = PBXFileReference; lastKnownFileType = sourcecode.swift; path = VocabularyFilterService.swift; sourceTree = "<group>"; };
		200008F25FA2F8FA1668 /* AppRouter.swift */ = {isa = PBXFileReference; lastKnownFileType = sourcecode.swift; path = AppRouter.swift; sourceTree = "<group>"; };
		200008F35FA2F8FA1668 /* DatasetDataSourceProtocol.swift */ = {isa = PBXFileReference; lastKnownFileType = sourcecode.swift; path = DatasetDataSourceProtocol.swift; sourceTree = "<group>"; };
		200008F45FA2F8FA1668 /* VocabularyFilterServiceTests.swift */ = {isa = PBXFileReference; lastKnownFileType = sourcecode.swift; path = VocabularyFilterServiceTests.swift; sourceTree = "<group>"; };
		200008F55FA2F8FA1668 /* AppRouterTests.swift */ = {isa = PBXFileReference; lastKnownFileType = sourcecode.swift; path = AppRouterTests.swift; sourceTree = "<group>"; };
		200008F65FA2F8FA1668 /* DatasetDataSourceTests.swift */ = {isa = PBXFileReference; lastKnownFileType = sourcecode.swift; path = DatasetDataSourceTests.swift; sourceTree = "<group>"; };
		200000002D50000000000000 /* VocabCraftApp.app */ = {isa = PBXFileReference; explicitFileType = wrapper.application; includeInIndex = 0; path = VocabCraftApp.app; sourceTree = BUILT_PRODUCTS_DIR; };
		200000402D50000000000000 /* VocabCraftWidgetExtension.appex */ = {isa = PBXFileReference; explicitFileType = "wrapper.app-extension"; includeInIndex = 0; path = VocabCraftWidgetExtension.appex; sourceTree = BUILT_PRODUCTS_DIR; };
		200000502D50000000000000 /* VocabCraftAppTests.xctest */ = {isa = PBXFileReference; explicitFileType = wrapper.cfbundle; includeInIndex = 0; path = VocabCraftAppTests.xctest; sourceTree = BUILT_PRODUCTS_DIR; };
		200001F55FA2F8FA1668 /* FetchVocabularyUseCase.swift */ = {isa = PBXFileReference; lastKnownFileType = sourcecode.swift; path = FetchVocabularyUseCase.swift; sourceTree = "<group>"; };
		200002284C02A8E338C2 /* VocabWidgetBundle.swift */ = {isa = PBXFileReference; lastKnownFileType = sourcecode.swift; path = VocabWidgetBundle.swift; sourceTree = "<group>"; };
		200002C5048BEE69D758 /* TopicDecksGridView.swift */ = {isa = PBXFileReference; lastKnownFileType = sourcecode.swift; path = TopicDecksGridView.swift; sourceTree = "<group>"; };
		200008890465B3CF1A36 /* SearchNewWordView.swift */ = {isa = PBXFileReference; lastKnownFileType = sourcecode.swift; path = SearchNewWordView.swift; sourceTree = "<group>"; };
		20000DD711B4AA5C7E90 /* WordAccordionCard.swift */ = {isa = PBXFileReference; lastKnownFileType = sourcecode.swift; path = WordAccordionCard.swift; sourceTree = "<group>"; };
		2000129F1C781D6703DB /* ReflexFlipCardViewTests.swift */ = {isa = PBXFileReference; lastKnownFileType = sourcecode.swift; path = ReflexFlipCardViewTests.swift; sourceTree = "<group>"; };
		200014ABEEFD5E14865F /* MarkLearnedIntent.swift */ = {isa = PBXFileReference; lastKnownFileType = sourcecode.swift; path = MarkLearnedIntent.swift; sourceTree = "<group>"; };
		2000174FE7B23888C774 /* VocabularyRepositoryImpl.swift */ = {isa = PBXFileReference; lastKnownFileType = sourcecode.swift; path = VocabularyRepositoryImpl.swift; sourceTree = "<group>"; };
		200017F5C24B744B988C /* Info.plist */ = {isa = PBXFileReference; lastKnownFileType = text.plist.xml; path = Info.plist; sourceTree = "<group>"; };
		20001869ACE6A7807D33 /* SettingsViewModel.swift */ = {isa = PBXFileReference; lastKnownFileType = sourcecode.swift; path = SettingsViewModel.swift; sourceTree = "<group>"; };
		20001B54BD9C7BC878A1 /* SRSRepositoryProtocol.swift */ = {isa = PBXFileReference; lastKnownFileType = sourcecode.swift; path = SRSRepositoryProtocol.swift; sourceTree = "<group>"; };
		200020749F4D43ABD652 /* SRSMemoryHeroCard.swift */ = {isa = PBXFileReference; lastKnownFileType = sourcecode.swift; path = SRSMemoryHeroCard.swift; sourceTree = "<group>"; };
		200020A86E4013F2A9E9 /* ProfileHeaderCard.swift */ = {isa = PBXFileReference; lastKnownFileType = sourcecode.swift; path = ProfileHeaderCard.swift; sourceTree = "<group>"; };
		20002717CA572B9B21A6 /* SRSRepositoryImpl.swift */ = {isa = PBXFileReference; lastKnownFileType = sourcecode.swift; path = SRSRepositoryImpl.swift; sourceTree = "<group>"; };
		20002A121BF620A9A229 /* Word.swift */ = {isa = PBXFileReference; lastKnownFileType = sourcecode.swift; path = Word.swift; sourceTree = "<group>"; };
		20002A4CBDD7D76C361F /* HeaderView.swift */ = {isa = PBXFileReference; lastKnownFileType = sourcecode.swift; path = HeaderView.swift; sourceTree = "<group>"; };
		200031F097ABA2148D97 /* HeaderViewTests.swift */ = {isa = PBXFileReference; lastKnownFileType = sourcecode.swift; path = HeaderViewTests.swift; sourceTree = "<group>"; };
		20003498E286D20C1EBC /* SRSEngine.swift */ = {isa = PBXFileReference; lastKnownFileType = sourcecode.swift; path = SRSEngine.swift; sourceTree = "<group>"; };
		200034E8C11F48348C6D /* HomepageView.swift */ = {isa = PBXFileReference; lastKnownFileType = sourcecode.swift; path = HomepageView.swift; sourceTree = "<group>"; };
		200036675EAE3D605018 /* SuggestedWord.swift */ = {isa = PBXFileReference; lastKnownFileType = sourcecode.swift; path = SuggestedWord.swift; sourceTree = "<group>"; };
		20003F8BC4CF0102DDE2 /* SubTopicStudySessionViewTests.swift */ = {isa = PBXFileReference; lastKnownFileType = sourcecode.swift; path = SubTopicStudySessionViewTests.swift; sourceTree = "<group>"; };
		20003F92B199F9827BCA /* CEFRDistributionCard.swift */ = {isa = PBXFileReference; lastKnownFileType = sourcecode.swift; path = CEFRDistributionCard.swift; sourceTree = "<group>"; };
		200041B134BDE2385881 /* VocabularyViewTests.swift */ = {isa = PBXFileReference; lastKnownFileType = sourcecode.swift; path = VocabularyViewTests.swift; sourceTree = "<group>"; };
		20004690023DBF023642 /* SubTopicStudySessionView.swift */ = {isa = PBXFileReference; lastKnownFileType = sourcecode.swift; path = SubTopicStudySessionView.swift; sourceTree = "<group>"; };
		2000473CACA7476916FA /* VocabWidget.swift */ = {isa = PBXFileReference; lastKnownFileType = sourcecode.swift; path = VocabWidget.swift; sourceTree = "<group>"; };
		20004CE3746FBD029DA6 /* WordItem.swift */ = {isa = PBXFileReference; lastKnownFileType = sourcecode.swift; path = WordItem.swift; sourceTree = "<group>"; };
		20004D5A668F6276E9BC /* SettingsViewTests.swift */ = {isa = PBXFileReference; lastKnownFileType = sourcecode.swift; path = SettingsViewTests.swift; sourceTree = "<group>"; };
		20004DC19C2C12FAB3C7 /* Info.plist */ = {isa = PBXFileReference; lastKnownFileType = text.plist.xml; path = Info.plist; sourceTree = "<group>"; };
		20004E04DA4BC3CA718A /* QuickDrillStep.swift */ = {isa = PBXFileReference; lastKnownFileType = sourcecode.swift; path = QuickDrillStep.swift; sourceTree = "<group>"; };
		20004EBBFAE9BCDF3AB9 /* HomepageViewTests.swift */ = {isa = PBXFileReference; lastKnownFileType = sourcecode.swift; path = HomepageViewTests.swift; sourceTree = "<group>"; };
		200051810A7B65A07F9A /* VocabularyModelsTests.swift */ = {isa = PBXFileReference; lastKnownFileType = sourcecode.swift; path = VocabularyModelsTests.swift; sourceTree = "<group>"; };
		200054D51843DFDCEB06 /* SpeechRecognitionService.swift */ = {isa = PBXFileReference; lastKnownFileType = sourcecode.swift; path = SpeechRecognitionService.swift; sourceTree = "<group>"; };
		200054D59B97E59482EE /* DatasetEngine.swift */ = {isa = PBXFileReference; lastKnownFileType = sourcecode.swift; path = DatasetEngine.swift; sourceTree = "<group>"; };
		200055893DED0D8FA1E3 /* DatasetEngineTests.swift */ = {isa = PBXFileReference; lastKnownFileType = sourcecode.swift; path = DatasetEngineTests.swift; sourceTree = "<group>"; };
		200059ED8728D30706F6 /* TopicDeckDetailView.swift */ = {isa = PBXFileReference; lastKnownFileType = sourcecode.swift; path = TopicDeckDetailView.swift; sourceTree = "<group>"; };
		20005B77B1A1EFC9EA05 /* ActionCardsGrid.swift */ = {isa = PBXFileReference; lastKnownFileType = sourcecode.swift; path = ActionCardsGrid.swift; sourceTree = "<group>"; };
		20005D17660A661FF2F5 /* VocabCraftApp.swift */ = {isa = PBXFileReference; lastKnownFileType = sourcecode.swift; path = VocabCraftApp.swift; sourceTree = "<group>"; };
		20006C3205A7C09C3ED0 /* TopicDeckModelsTests.swift */ = {isa = PBXFileReference; lastKnownFileType = sourcecode.swift; path = TopicDeckModelsTests.swift; sourceTree = "<group>"; };
		200073FE6FA5AB57DCF7 /* VocabularySummaryCard.swift */ = {isa = PBXFileReference; lastKnownFileType = sourcecode.swift; path = VocabularySummaryCard.swift; sourceTree = "<group>"; };
		20007465AED07FB92017 /* ReflexDrillView.swift */ = {isa = PBXFileReference; lastKnownFileType = sourcecode.swift; path = ReflexDrillView.swift; sourceTree = "<group>"; };
		20007597124286610F99 /* MockVocabularyDataSource.swift */ = {isa = PBXFileReference; lastKnownFileType = sourcecode.swift; path = MockVocabularyDataSource.swift; sourceTree = "<group>"; };
		200075A9C43B4E98CD5D /* VocabWidgetView.swift */ = {isa = PBXFileReference; lastKnownFileType = sourcecode.swift; path = VocabWidgetView.swift; sourceTree = "<group>"; };
		20007E84695DF55F278D /* SettingsViewModelTests.swift */ = {isa = PBXFileReference; lastKnownFileType = sourcecode.swift; path = SettingsViewModelTests.swift; sourceTree = "<group>"; };
		200080D6E75B2F2E5FAD /* QuickReflexDrillSheetView.swift */ = {isa = PBXFileReference; lastKnownFileType = sourcecode.swift; path = QuickReflexDrillSheetView.swift; sourceTree = "<group>"; };
		200084512C285C79A09D /* WidgetIntentsTests.swift */ = {isa = PBXFileReference; lastKnownFileType = sourcecode.swift; path = WidgetIntentsTests.swift; sourceTree = "<group>"; };
		2000871815071728E145 /* VocabularyViewsTests.swift */ = {isa = PBXFileReference; lastKnownFileType = sourcecode.swift; path = VocabularyViewsTests.swift; sourceTree = "<group>"; };
		20008890835203644360 /* SubTopicSessionEngine.swift */ = {isa = PBXFileReference; lastKnownFileType = sourcecode.swift; path = SubTopicSessionEngine.swift; sourceTree = "<group>"; };
		20008990938AED4AD135 /* HomepageViewModel.swift */ = {isa = PBXFileReference; lastKnownFileType = sourcecode.swift; path = HomepageViewModel.swift; sourceTree = "<group>"; };
		200089ECF8394BCF829D /* SubTopicSessionSummaryView.swift */ = {isa = PBXFileReference; lastKnownFileType = sourcecode.swift; path = SubTopicSessionSummaryView.swift; sourceTree = "<group>"; };
		20008C6450FFC705ADA3 /* SharedAppGroupContainer.swift */ = {isa = PBXFileReference; lastKnownFileType = sourcecode.swift; path = SharedAppGroupContainer.swift; sourceTree = "<group>"; };
		200091F224DACBC284B0 /* MockVocabularyRepository.swift */ = {isa = PBXFileReference; lastKnownFileType = sourcecode.swift; path = MockVocabularyRepository.swift; sourceTree = "<group>"; };
		2000928AAF987BEB4203 /* UserSettingsStore.swift */ = {isa = PBXFileReference; lastKnownFileType = sourcecode.swift; path = UserSettingsStore.swift; sourceTree = "<group>"; };
		2000A111222333445566 /* AppStrings.swift */ = {isa = PBXFileReference; lastKnownFileType = sourcecode.swift; path = AppStrings.swift; sourceTree = "<group>"; };
		2000B111222333445566 /* Localizable.xcstrings */ = {isa = PBXFileReference; lastKnownFileType = text.json.xcstrings; path = Localizable.xcstrings; sourceTree = "<group>"; };
		200096513C5AE8139597 /* MobileSearchView.swift */ = {isa = PBXFileReference; lastKnownFileType = sourcecode.swift; path = MobileSearchView.swift; sourceTree = "<group>"; };
		20009A66CE4FB106804A /* ReflexDrillViewModelTests.swift */ = {isa = PBXFileReference; lastKnownFileType = sourcecode.swift; path = ReflexDrillViewModelTests.swift; sourceTree = "<group>"; };
		20009AC1BB7654E455DF /* SwiftDataModels.swift */ = {isa = PBXFileReference; lastKnownFileType = sourcecode.swift; path = SwiftDataModels.swift; sourceTree = "<group>"; };
		20009BA5E0FA3F4BBCE5 /* AudioServiceProtocols.swift */ = {isa = PBXFileReference; lastKnownFileType = sourcecode.swift; path = AudioServiceProtocols.swift; sourceTree = "<group>"; };
		20009BBF16DB9BD6F1CE /* SubTopicSessionSummaryViewTests.swift */ = {isa = PBXFileReference; lastKnownFileType = sourcecode.swift; path = SubTopicSessionSummaryViewTests.swift; sourceTree = "<group>"; };
		2000A2F071BDE838E61F /* VocabularyViewModel.swift */ = {isa = PBXFileReference; lastKnownFileType = sourcecode.swift; path = VocabularyViewModel.swift; sourceTree = "<group>"; };
		2000A6E85473D55734B1 /* StudySessionViewModel.swift */ = {isa = PBXFileReference; lastKnownFileType = sourcecode.swift; path = StudySessionViewModel.swift; sourceTree = "<group>"; };
		2000A91CFCCE87349186 /* VocabularyRepositoryProtocol.swift */ = {isa = PBXFileReference; lastKnownFileType = sourcecode.swift; path = VocabularyRepositoryProtocol.swift; sourceTree = "<group>"; };
		2000A970E3851B674608 /* SubTopicPreviewSheet.swift */ = {isa = PBXFileReference; lastKnownFileType = sourcecode.swift; path = SubTopicPreviewSheet.swift; sourceTree = "<group>"; };
		2000AE48F46F0BF167D1 /* VocabularyView.swift */ = {isa = PBXFileReference; lastKnownFileType = sourcecode.swift; path = VocabularyView.swift; sourceTree = "<group>"; };
		2000AE8014E8A9522B13 /* VocabCraftApp.entitlements */ = {isa = PBXFileReference; lastKnownFileType = text.plist.entitlements; path = VocabCraftApp.entitlements; sourceTree = "<group>"; };
		2000B1DEE633B1C8F81E /* SRSEngineTests.swift */ = {isa = PBXFileReference; lastKnownFileType = sourcecode.swift; path = SRSEngineTests.swift; sourceTree = "<group>"; };
		2000B21282A5513A6144 /* Color+VocabCraft.swift */ = {isa = PBXFileReference; lastKnownFileType = sourcecode.swift; path = "Color+VocabCraft.swift"; sourceTree = "<group>"; };
		2000B4B5FCC45C726654 /* EvaluateSRSUseCase.swift */ = {isa = PBXFileReference; lastKnownFileType = sourcecode.swift; path = EvaluateSRSUseCase.swift; sourceTree = "<group>"; };
		2000B5772208CF9770FA /* StudySessionViewModelTests.swift */ = {isa = PBXFileReference; lastKnownFileType = sourcecode.swift; path = StudySessionViewModelTests.swift; sourceTree = "<group>"; };
		2000B63A5CC107F07807 /* SuggestedWordsCardView.swift */ = {isa = PBXFileReference; lastKnownFileType = sourcecode.swift; path = SuggestedWordsCardView.swift; sourceTree = "<group>"; };
		2000B8BA7058BCC04544 /* MobileSearchViewTests.swift */ = {isa = PBXFileReference; lastKnownFileType = sourcecode.swift; path = MobileSearchViewTests.swift; sourceTree = "<group>"; };
		2000B8D5FB4EC872D73A /* VocabularyViewModelTests.swift */ = {isa = PBXFileReference; lastKnownFileType = sourcecode.swift; path = VocabularyViewModelTests.swift; sourceTree = "<group>"; };
		2000BA864DF00075F57F /* QuickReflexDrillViewModelTests.swift */ = {isa = PBXFileReference; lastKnownFileType = sourcecode.swift; path = QuickReflexDrillViewModelTests.swift; sourceTree = "<group>"; };
		2000BEA090FB6DD9E928 /* TextToSpeechService.swift */ = {isa = PBXFileReference; lastKnownFileType = sourcecode.swift; path = TextToSpeechService.swift; sourceTree = "<group>"; };
		2000C27C11DD5CE9F2EC /* TopicDeckModels.swift */ = {isa = PBXFileReference; lastKnownFileType = sourcecode.swift; path = TopicDeckModels.swift; sourceTree = "<group>"; };
		2000C63E337713EC8B32 /* EvaluateSRSUseCaseTests.swift */ = {isa = PBXFileReference; lastKnownFileType = sourcecode.swift; path = EvaluateSRSUseCaseTests.swift; sourceTree = "<group>"; };
		2000C94DD80FE52023FA /* NextWordIntent.swift */ = {isa = PBXFileReference; lastKnownFileType = sourcecode.swift; path = NextWordIntent.swift; sourceTree = "<group>"; };
		2000CD9B3F3B4D5FDBA7 /* UserSettingsStoreTests.swift */ = {isa = PBXFileReference; lastKnownFileType = sourcecode.swift; path = UserSettingsStoreTests.swift; sourceTree = "<group>"; };
		2000CE88B8551858B787 /* SpeechServiceTests.swift */ = {isa = PBXFileReference; lastKnownFileType = sourcecode.swift; path = SpeechServiceTests.swift; sourceTree = "<group>"; };
		2000D052EA676149B3D6 /* ColorTokensTests.swift */ = {isa = PBXFileReference; lastKnownFileType = sourcecode.swift; path = ColorTokensTests.swift; sourceTree = "<group>"; };
		2000D1AFA639C3CAA534 /* QuickReflexDrillViewModel.swift */ = {isa = PBXFileReference; lastKnownFileType = sourcecode.swift; path = QuickReflexDrillViewModel.swift; sourceTree = "<group>"; };
		2000D26FBFB21A7CA2FE /* DatasetModels.swift */ = {isa = PBXFileReference; lastKnownFileType = sourcecode.swift; path = DatasetModels.swift; sourceTree = "<group>"; };
		2000D3A2E3E9C2B62FFA /* SubTopicSessionEngineTests.swift */ = {isa = PBXFileReference; lastKnownFileType = sourcecode.swift; path = SubTopicSessionEngineTests.swift; sourceTree = "<group>"; };
		2000D50F7F5D8C2CEA88 /* QuickDrillStepTests.swift */ = {isa = PBXFileReference; lastKnownFileType = sourcecode.swift; path = QuickDrillStepTests.swift; sourceTree = "<group>"; };
		2000DD96DA258E5661BB /* SettingsRowView.swift */ = {isa = PBXFileReference; lastKnownFileType = sourcecode.swift; path = SettingsRowView.swift; sourceTree = "<group>"; };
		2000DE9D056D85598F6E /* AppContainer.swift */ = {isa = PBXFileReference; lastKnownFileType = sourcecode.swift; path = AppContainer.swift; sourceTree = "<group>"; };
		2000E0ACD94DDAB84823 /* QuickReflexDrillSheetViewTests.swift */ = {isa = PBXFileReference; lastKnownFileType = sourcecode.swift; path = QuickReflexDrillSheetViewTests.swift; sourceTree = "<group>"; };
		2000E12B85B25E96B828 /* BentoCardsTests.swift */ = {isa = PBXFileReference; lastKnownFileType = sourcecode.swift; path = BentoCardsTests.swift; sourceTree = "<group>"; };
		2000E3AFED7A38ECFE12 /* TopicDeckDetailViewTests.swift */ = {isa = PBXFileReference; lastKnownFileType = sourcecode.swift; path = TopicDeckDetailViewTests.swift; sourceTree = "<group>"; };
		2000EA1A05F3921C21B6 /* UserProgressModelActor.swift */ = {isa = PBXFileReference; lastKnownFileType = sourcecode.swift; path = UserProgressModelActor.swift; sourceTree = "<group>"; };
		2000EAE4A7B7D61EA805 /* ReflexDrillViewTests.swift */ = {isa = PBXFileReference; lastKnownFileType = sourcecode.swift; path = ReflexDrillViewTests.swift; sourceTree = "<group>"; };
		2000F020886343A9460C /* SuggestedWordsCardViewTests.swift */ = {isa = PBXFileReference; lastKnownFileType = sourcecode.swift; path = SuggestedWordsCardViewTests.swift; sourceTree = "<group>"; };
		2000F3EB39E8AC94F8B1 /* SRSSparkleEffectView.swift */ = {isa = PBXFileReference; lastKnownFileType = sourcecode.swift; path = SRSSparkleEffectView.swift; sourceTree = "<group>"; };
		2000A1A2B3C4D5E6F7890001 /* VocabMicControlHubView.swift */ = {isa = PBXFileReference; lastKnownFileType = sourcecode.swift; path = VocabMicControlHubView.swift; sourceTree = "<group>"; };
		2000A1A2B3C4D5E6F7890002 /* VocabSpeechVisualizerView.swift */ = {isa = PBXFileReference; lastKnownFileType = sourcecode.swift; path = VocabSpeechVisualizerView.swift; sourceTree = "<group>"; };
		2000F5E38233F07AA9F3 /* LiquidGlassTabBar.swift */ = {isa = PBXFileReference; lastKnownFileType = sourcecode.swift; path = LiquidGlassTabBar.swift; sourceTree = "<group>"; };
		2000F67BBB703E2C8F8D /* SubTopicPreviewSheetTests.swift */ = {isa = PBXFileReference; lastKnownFileType = sourcecode.swift; path = SubTopicPreviewSheetTests.swift; sourceTree = "<group>"; };
		2000F862E9AA098E9263 /* SettingsView.swift */ = {isa = PBXFileReference; lastKnownFileType = sourcecode.swift; path = SettingsView.swift; sourceTree = "<group>"; };
		2000F8D39E9F4428B5C0 /* ReflexDrillViewModel.swift */ = {isa = PBXFileReference; lastKnownFileType = sourcecode.swift; path = ReflexDrillViewModel.swift; sourceTree = "<group>"; };
		2000FAC198AA799A3AC5 /* SwiftDataModelsTests.swift */ = {isa = PBXFileReference; lastKnownFileType = sourcecode.swift; path = SwiftDataModelsTests.swift; sourceTree = "<group>"; };
		2000FAD85B1C0D0923C5 /* EnvironmentKeys.swift */ = {isa = PBXFileReference; lastKnownFileType = sourcecode.swift; path = EnvironmentKeys.swift; sourceTree = "<group>"; };
		2000FBE3EC435722C797 /* MockVocabularyRepository.swift */ = {isa = PBXFileReference; lastKnownFileType = sourcecode.swift; path = MockVocabularyRepository.swift; sourceTree = "<group>"; };
		2000FE45C5E45EEC44B5 /* ReflexFlipCardView.swift */ = {isa = PBXFileReference; lastKnownFileType = sourcecode.swift; path = ReflexFlipCardView.swift; sourceTree = "<group>"; };
		200039B0E8475383FEFA /* SilenceDetector.swift */ = {isa = PBXFileReference; lastKnownFileType = sourcecode.swift; path = SilenceDetector.swift; sourceTree = "<group>"; };
		2000D37579A0D86E8769 /* SpeechRecognitionEngine.swift */ = {isa = PBXFileReference; lastKnownFileType = sourcecode.swift; path = SpeechRecognitionEngine.swift; sourceTree = "<group>"; };
		2000FADDE6CA3EA1DA38 /* FuzzySpeechMatcher.swift */ = {isa = PBXFileReference; lastKnownFileType = sourcecode.swift; path = FuzzySpeechMatcher.swift; sourceTree = "<group>"; };
		2000C15AB5EAE471F6F0 /* SequenceAligner.swift */ = {isa = PBXFileReference; lastKnownFileType = sourcecode.swift; path = SequenceAligner.swift; sourceTree = "<group>"; };
		2000AD238354265694ED /* StringNormalizer.swift */ = {isa = PBXFileReference; lastKnownFileType = sourcecode.swift; path = StringNormalizer.swift; sourceTree = "<group>"; };
		2000DD35B1FA84ABCE05 /* SpeechEvaluationResult.swift */ = {isa = PBXFileReference; lastKnownFileType = sourcecode.swift; path = SpeechEvaluationResult.swift; sourceTree = "<group>"; };
		200075B525D12FA887F6 /* SpeechKitError.swift */ = {isa = PBXFileReference; lastKnownFileType = sourcecode.swift; path = SpeechKitError.swift; sourceTree = "<group>"; };
		2000355C892D49CEE080 /* WordMatchStatus.swift */ = {isa = PBXFileReference; lastKnownFileType = sourcecode.swift; path = WordMatchStatus.swift; sourceTree = "<group>"; };
		2000802DF61246A27CC0 /* WordTokenResult.swift */ = {isa = PBXFileReference; lastKnownFileType = sourcecode.swift; path = WordTokenResult.swift; sourceTree = "<group>"; };
		2000EBFFD548C273DED3 /* SpeechAssessmentProtocol.swift */ = {isa = PBXFileReference; lastKnownFileType = sourcecode.swift; path = SpeechAssessmentProtocol.swift; sourceTree = "<group>"; };
		20007BF8B72CFEC3007C /* SpeechAssessmentService.swift */ = {isa = PBXFileReference; lastKnownFileType = sourcecode.swift; path = SpeechAssessmentService.swift; sourceTree = "<group>"; };
		2000C11273B413F47E21 /* SpeechWordHighlightView.swift */ = {isa = PBXFileReference; lastKnownFileType = sourcecode.swift; path = SpeechWordHighlightView.swift; sourceTree = "<group>"; };
		2000A97D89A8D2F003B0 /* FuzzySpeechMatcherTests.swift */ = {isa = PBXFileReference; lastKnownFileType = sourcecode.swift; path = FuzzySpeechMatcherTests.swift; sourceTree = "<group>"; };
		200040B2BA42F6B0A168 /* SilenceDetectorTests.swift */ = {isa = PBXFileReference; lastKnownFileType = sourcecode.swift; path = SilenceDetectorTests.swift; sourceTree = "<group>"; };
		2000E580CD8F30CC7BC8 /* SpeechAssessmentServiceTests.swift */ = {isa = PBXFileReference; lastKnownFileType = sourcecode.swift; path = SpeechAssessmentServiceTests.swift; sourceTree = "<group>"; };
		2000A302D996E4804027 /* SpeechKitModelTests.swift */ = {isa = PBXFileReference; lastKnownFileType = sourcecode.swift; path = SpeechKitModelTests.swift; sourceTree = "<group>"; };
		200083E7229A9CC492C1 /* SpeechWordHighlightViewTests.swift */ = {isa = PBXFileReference; lastKnownFileType = sourcecode.swift; path = SpeechWordHighlightViewTests.swift; sourceTree = "<group>"; };
		20003758086F870878E1 /* StringNormalizerTests.swift */ = {isa = PBXFileReference; lastKnownFileType = sourcecode.swift; path = StringNormalizerTests.swift; sourceTree = "<group>"; };
		20004C19D2AB6B584153 /* ReflexDrillViewModelSpeechTests.swift */ = {isa = PBXFileReference; lastKnownFileType = sourcecode.swift; path = ReflexDrillViewModelSpeechTests.swift; sourceTree = "<group>"; };
/* End PBXFileReference section */

/* Begin PBXFrameworksBuildPhase section */
		100000012D50000000000000 /* Frameworks */ = {
			isa = PBXFrameworksBuildPhase;
			buildActionMask = 2147483647;
			files = (
			);
			runOnlyForDeploymentPostprocessing = 0;
		};
		100000402D50000000000000 /* Frameworks */ = {
			isa = PBXFrameworksBuildPhase;
			buildActionMask = 2147483647;
			files = (
			);
			runOnlyForDeploymentPostprocessing = 0;
		};
		100000502D50000000000000 /* Frameworks */ = {
			isa = PBXFrameworksBuildPhase;
			buildActionMask = 2147483647;
			files = (
			);
			runOnlyForDeploymentPostprocessing = 0;
		};
/* End PBXFrameworksBuildPhase section */

/* Begin PBXGroup section */
		400000002D50000000000000 = {
			isa = PBXGroup;
			children = (
				4000432B3B0C43E7B202 /* VocabCraftApp */,
				4000A799196F19CD5094 /* VocabCraftWidgetExtension */,
				4000A4B5D97C10747B92 /* VocabCraftAppTests */,
				400000092D50000000000000 /* Products */,
			);
			sourceTree = "<group>";
		};
		400000092D50000000000000 /* Products */ = {
			isa = PBXGroup;
			children = (
				200000002D50000000000000 /* VocabCraftApp.app */,
				200000402D50000000000000 /* VocabCraftWidgetExtension.appex */,
				200000502D50000000000000 /* VocabCraftAppTests.xctest */,
			);
			name = Products;
			sourceTree = "<group>";
		};
		4000055E0D33D4F777BC /* DesignSystem */ = {
			isa = PBXGroup;
			children = (
				2000D052EA676149B3D6 /* ColorTokensTests.swift */,
			);
			path = DesignSystem;
			sourceTree = "<group>";
		};
		40000AC5F5DCB522F6F2 /* ViewModels */ = {
			isa = PBXGroup;
			children = (
				20008990938AED4AD135 /* HomepageViewModel.swift */,
			);
			path = ViewModels;
			sourceTree = "<group>";
		};
		40001795D309886C29B1 /* Mocks */ = {
			isa = PBXGroup;
			children = (
				200091F224DACBC284B0 /* MockVocabularyRepository.swift */,
			);
			path = Mocks;
			sourceTree = "<group>";
		};
		40001B11B90F2AA8B1D4 /* Actors */ = {
			isa = PBXGroup;
			children = (
				2000EA1A05F3921C21B6 /* UserProgressModelActor.swift */,
			);
			path = Actors;
			sourceTree = "<group>";
		};
		40001FE94D3B22BA736B /* Repositories */ = {
			isa = PBXGroup;
			children = (
				2000A201000000000006 /* QuickReflexAttemptRepositoryImpl.swift */,
				2000FBE3EC435722C797 /* MockVocabularyRepository.swift */,
				20002717CA572B9B21A6 /* SRSRepositoryImpl.swift */,
				2000174FE7B23888C774 /* VocabularyRepositoryImpl.swift */,
			);
			path = Repositories;
			sourceTree = "<group>";
		};
		4000235BDB4106301AF2 /* Vocabulary */ = {
			isa = PBXGroup;
			children = (
				40003F19FFEFFBC77ACB /* Models */,
				4000A201000000000008 /* Services */,
				400093F1EE2146E580AB /* ViewModels */,
				40004E123BE05A2038D9 /* Views */,
			);
			path = Vocabulary;
			sourceTree = "<group>";
		};
		400024B9E720CD376832 /* DI */ = {
			isa = PBXGroup;
			children = (
				2000DE9D056D85598F6E /* AppContainer.swift */,
				2000FAD85B1C0D0923C5 /* EnvironmentKeys.swift */,
			);
			path = DI;
			sourceTree = "<group>";
		};
		4000260E29F35C2EBCD5 /* Models */ = {
			isa = PBXGroup;
			children = (
				2000A201000000000004 /* QuickReflexAttempt.swift */,
				20004E04DA4BC3CA718A /* QuickDrillStep.swift */,
			);
			path = Models;
			sourceTree = "<group>";
		};
		40003153465D574812BC /* DesignSystem */ = {
			isa = PBXGroup;
			children = (
				2000B21282A5513A6144 /* Color+VocabCraft.swift */,
				2000F3EB39E8AC94F8B1 /* SRSSparkleEffectView.swift */,
				2000A1A2B3C4D5E6F7890001 /* VocabMicControlHubView.swift */,
				2000A1A2B3C4D5E6F7890002 /* VocabSpeechVisualizerView.swift */,
			);
			path = DesignSystem;
			sourceTree = "<group>";
		};
		400035A206369F2FAA77 /* Homepage */ = {
			isa = PBXGroup;
			children = (
				40000AC5F5DCB522F6F2 /* ViewModels */,
				4000BDD811B778859DDB /* Views */,
			);
			path = Homepage;
			sourceTree = "<group>";
		};
		40003F19FFEFFBC77ACB /* Models */ = {
			isa = PBXGroup;
			children = (
				2000A201000000000001 /* QuickReflexPrompt.swift */,
				20008890835203644360 /* SubTopicSessionEngine.swift */,
				2000C27C11DD5CE9F2EC /* TopicDeckModels.swift */,
				20004CE3746FBD029DA6 /* WordItem.swift */,
			);
			path = Models;
			sourceTree = "<group>";
		};
		4000432B3B0C43E7B202 /* VocabCraftApp */ = {
			isa = PBXGroup;
			children = (
				4000B900E72E73697418 /* App */,
				400071CFB0497F428E99 /* Core */,
				4000A7A935EBB1D5F368 /* Data */,
				4000B39FE0027A309904 /* Domain */,
				4000DCA222F51AEF85D4 /* Features */,
				4000RESOURCES00001 /* Resources */,
			);
			path = VocabCraftApp;
			sourceTree = "<group>";
		};
		40004A7D1798887BBCBC /* Homepage */ = {
			isa = PBXGroup;
			children = (
				2000E12B85B25E96B828 /* BentoCardsTests.swift */,
				200031F097ABA2148D97 /* HeaderViewTests.swift */,
				20004EBBFAE9BCDF3AB9 /* HomepageViewTests.swift */,
				2000B8BA7058BCC04544 /* MobileSearchViewTests.swift */,
				2000F020886343A9460C /* SuggestedWordsCardViewTests.swift */,
			);
			path = Homepage;
			sourceTree = "<group>";
		};
		40004E123BE05A2038D9 /* Views */ = {
			isa = PBXGroup;
			children = (
				200080D6E75B2F2E5FAD /* QuickReflexDrillSheetView.swift */,
				2000FE45C5E45EEC44B5 /* ReflexFlipCardView.swift */,
				2000A970E3851B674608 /* SubTopicPreviewSheet.swift */,
				200089ECF8394BCF829D /* SubTopicSessionSummaryView.swift */,
				20004690023DBF023642 /* SubTopicStudySessionView.swift */,
				200059ED8728D30706F6 /* TopicDeckDetailView.swift */,
				200002C5048BEE69D758 /* TopicDecksGridView.swift */,
				200073FE6FA5AB57DCF7 /* VocabularySummaryCard.swift */,
				2000AE48F46F0BF167D1 /* VocabularyView.swift */,
				20000DD711B4AA5C7E90 /* WordAccordionCard.swift */,
			);
			path = Views;
			sourceTree = "<group>";
		};
		400050E4B38D3FDEFBF7 /* Views */ = {
			isa = PBXGroup;
			children = (
				4000FF1944B7E810992A /* Components */,
				2000F862E9AA098E9263 /* SettingsView.swift */,
			);
			path = Views;
			sourceTree = "<group>";
		};
		4000538975BBBF45E56C /* Features */ = {
			isa = PBXGroup;
			children = (
				40004A7D1798887BBCBC /* Homepage */,
				4000829CC0FFDB01C99C /* Vocabulary */,
			
				20004C19D2AB6B584153 /* ReflexDrillViewModelSpeechTests.swift */,);
			path = Features;
			sourceTree = "<group>";
		};
		4000704340C95D48EEDA /* AppIntents */ = {
			isa = PBXGroup;
			children = (
				200014ABEEFD5E14865F /* MarkLearnedIntent.swift */,
				2000C94DD80FE52023FA /* NextWordIntent.swift */,
			);
			path = AppIntents;
			sourceTree = "<group>";
		};
		400071CFB0497F428E99 /* Core */ = {
			isa = PBXGroup;
			children = (
				4000778F3AC70FE2B174 /* Audio */,
				4000B9FD3CB2F2042047 /* Database */,
				40003153465D574812BC /* DesignSystem */,
				4000LOCALIZATION001 /* Localization */,
				4000DA48C316E1ADA496 /* SRS */,
			
				4000E9529EF1DC1AE414 /* SpeechKit */,);
			path = Core;
			sourceTree = "<group>";
		};
		4000778F3AC70FE2B174 /* Audio */ = {
			isa = PBXGroup;
			children = (
				200054D51843DFDCEB06 /* SpeechRecognitionService.swift */,
				2000BEA090FB6DD9E928 /* TextToSpeechService.swift */,
			);
			path = Audio;
			sourceTree = "<group>";
		};
		4000791A3F08981F87B5 /* Models */ = {
			isa = PBXGroup;
			children = (
			);
			path = Models;
			sourceTree = "<group>";
		};
		40008298FFEC52A63E9E /* UseCases */ = {
			isa = PBXGroup;
			children = (
				2000B4B5FCC45C726654 /* EvaluateSRSUseCase.swift */,
				200001F55FA2F8FA1668 /* FetchVocabularyUseCase.swift */,
			);
			path = UseCases;
			sourceTree = "<group>";
		};
		4000829CC0FFDB01C99C /* Vocabulary */ = {
			isa = PBXGroup;
			children = (
				2000A20100000000000C /* CollocationExtractorTests.swift */,
				2000A20100000000000A /* QuickReflexAttemptRepositoryTests.swift */,
				2000A201000000000007 /* QuickReflexPromptFactoryTests.swift */,
				2000A201000000000009 /* TargetExpressionMatcherTests.swift */,
				2000D50F7F5D8C2CEA88 /* QuickDrillStepTests.swift */,
				2000E0ACD94DDAB84823 /* QuickReflexDrillSheetViewTests.swift */,
				2000BA864DF00075F57F /* QuickReflexDrillViewModelTests.swift */,
				200051810A7B65A07F9A /* VocabularyModelsTests.swift */,
				200041B134BDE2385881 /* VocabularyViewTests.swift */,
				2000871815071728E145 /* VocabularyViewsTests.swift */,
			);
			path = Vocabulary;
			sourceTree = "<group>";
		};
		40008F48FF4076AEA27E /* Protocols */ = {
			isa = PBXGroup;
			children = (
				2000A201000000000005 /* QuickReflexAttemptRepositoryProtocol.swift */,
				20009BA5E0FA3F4BBCE5 /* AudioServiceProtocols.swift */,
				200008F35FA2F8FA1668 /* DatasetDataSourceProtocol.swift */,
				20001B54BD9C7BC878A1 /* SRSRepositoryProtocol.swift */,
				2000A91CFCCE87349186 /* VocabularyRepositoryProtocol.swift */,
			);
			path = Protocols;
			sourceTree = "<group>";
		};
		400090860225ED9DE9BC /* ViewModels */ = {
			isa = PBXGroup;
			children = (
				2000F8D39E9F4428B5C0 /* ReflexDrillViewModel.swift */,
			);
			path = ViewModels;
			sourceTree = "<group>";
		};
		400093F1EE2146E580AB /* ViewModels */ = {
			isa = PBXGroup;
			children = (
				2000D1AFA639C3CAA534 /* QuickReflexDrillViewModel.swift */,
				2000A6E85473D55734B1 /* StudySessionViewModel.swift */,
				2000A2F071BDE838E61F /* VocabularyViewModel.swift */,
			);
			path = ViewModels;
			sourceTree = "<group>";
		};
		4000A201000000000008 /* Services */ = {
			isa = PBXGroup;
			children = (
				2000A20100000000000B /* CollocationExtractor.swift */,
				2000A201000000000002 /* QuickReflexPromptFactory.swift */,
				2000A201000000000003 /* TargetExpressionMatcher.swift */,
			);
			path = Services;
			sourceTree = "<group>";
		};
		40009A7A10F832BFCD13 /* Local */ = {
			isa = PBXGroup;
			children = (
				40001B11B90F2AA8B1D4 /* Actors */,
				4000DEF12674BF0F315F /* Mock */,
				4000791A3F08981F87B5 /* Models */,
			);
			path = Local;
			sourceTree = "<group>";
		};
		4000A4B5D97C10747B92 /* VocabCraftAppTests */ = {
			isa = PBXGroup;
			children = (
				200055893DED0D8FA1E3 /* DatasetEngineTests.swift */,
				200008F55FA2F8FA1668 /* AppRouterTests.swift */,
				200008F65FA2F8FA1668 /* DatasetDataSourceTests.swift */,
				4000055E0D33D4F777BC /* DesignSystem */,
				2000C63E337713EC8B32 /* EvaluateSRSUseCaseTests.swift */,
				4000538975BBBF45E56C /* Features */,
				40001795D309886C29B1 /* Mocks */,
				20009A66CE4FB106804A /* ReflexDrillViewModelTests.swift */,
				2000EAE4A7B7D61EA805 /* ReflexDrillViewTests.swift */,
				2000129F1C781D6703DB /* ReflexFlipCardViewTests.swift */,
				2000B1DEE633B1C8F81E /* SRSEngineTests.swift */,
				20007E84695DF55F278D /* SettingsViewModelTests.swift */,
				20004D5A668F6276E9BC /* SettingsViewTests.swift */,
				2000CE88B8551858B787 /* SpeechServiceTests.swift */,
				2000B5772208CF9770FA /* StudySessionViewModelTests.swift */,
				2000F67BBB703E2C8F8D /* SubTopicPreviewSheetTests.swift */,
				2000D3A2E3E9C2B62FFA /* SubTopicSessionEngineTests.swift */,
				20009BBF16DB9BD6F1CE /* SubTopicSessionSummaryViewTests.swift */,
				20003F8BC4CF0102DDE2 /* SubTopicStudySessionViewTests.swift */,
				2000FAC198AA799A3AC5 /* SwiftDataModelsTests.swift */,
				2000E3AFED7A38ECFE12 /* TopicDeckDetailViewTests.swift */,
				20006C3205A7C09C3ED0 /* TopicDeckModelsTests.swift */,
				2000CD9B3F3B4D5FDBA7 /* UserSettingsStoreTests.swift */,
				200008F45FA2F8FA1668 /* VocabularyFilterServiceTests.swift */,
				2000B8D5FB4EC872D73A /* VocabularyViewModelTests.swift */,
				200084512C285C79A09D /* WidgetIntentsTests.swift */,
			
				400030A41344F33193C4 /* SpeechKitTests */,);
			path = VocabCraftAppTests;
			sourceTree = "<group>";
		};
		4000A799196F19CD5094 /* VocabCraftWidgetExtension */ = {
			isa = PBXGroup;
			children = (
				4000704340C95D48EEDA /* AppIntents */,
				200017F5C24B744B988C /* Info.plist */,
				2000473CACA7476916FA /* VocabWidget.swift */,
				200002284C02A8E338C2 /* VocabWidgetBundle.swift */,
				200075A9C43B4E98CD5D /* VocabWidgetView.swift */,
			);
			path = VocabCraftWidgetExtension;
			sourceTree = "<group>";
		};
		4000A7A935EBB1D5F368 /* Data */ = {
			isa = PBXGroup;
			children = (
				40009A7A10F832BFCD13 /* Local */,
				40001FE94D3B22BA736B /* Repositories */,
			);
			path = Data;
			sourceTree = "<group>";
		};
		4000A827BA6524C5D45F /* ReflexDrill */ = {
			isa = PBXGroup;
			children = (
				20007465AED07FB92017 /* ReflexDrillView.swift */,
				400090860225ED9DE9BC /* ViewModels */,
			);
			path = ReflexDrill;
			sourceTree = "<group>";
		};
		4000B39FE0027A309904 /* Domain */ = {
			isa = PBXGroup;
			children = (
				4000C597CF74B9A0760A /* Entities */,
				4000260E29F35C2EBCD5 /* Models */,
				40008F48FF4076AEA27E /* Protocols */,
				40009998E72E73697418 /* Services */,
				40008298FFEC52A63E9E /* UseCases */,
			);
			path = Domain;
			sourceTree = "<group>";
		};
		40009998E72E73697418 /* Services */ = {
			isa = PBXGroup;
			children = (
				200008F15FA2F8FA1668 /* VocabularyFilterService.swift */,
			);
			path = Services;
			sourceTree = "<group>";
		};
		4000B900E72E73697418 /* App */ = {
			isa = PBXGroup;
			children = (
				400024B9E720CD376832 /* DI */,
				40009999E72E73697418 /* Navigation */,
				20004DC19C2C12FAB3C7 /* Info.plist */,
				2000AE8014E8A9522B13 /* VocabCraftApp.entitlements */,
				20005D17660A661FF2F5 /* VocabCraftApp.swift */,
			);
			path = App;
			sourceTree = "<group>";
		};
		40009999E72E73697418 /* Navigation */ = {
			isa = PBXGroup;
			children = (
				200008F25FA2F8FA1668 /* AppRouter.swift */,
			);
			path = Navigation;
			sourceTree = "<group>";
		};
		4000B9FD3CB2F2042047 /* Database */ = {
			isa = PBXGroup;
			children = (
				200054D59B97E59482EE /* DatasetEngine.swift */,
				2000D26FBFB21A7CA2FE /* DatasetModels.swift */,
				20008C6450FFC705ADA3 /* SharedAppGroupContainer.swift */,
				20009AC1BB7654E455DF /* SwiftDataModels.swift */,
				2000928AAF987BEB4203 /* UserSettingsStore.swift */,
			);
			path = Database;
			sourceTree = "<group>";
		};
		4000LOCALIZATION001 /* Localization */ = {
			isa = PBXGroup;
			children = (
				2000A111222333445566 /* AppStrings.swift */,
			);
			path = Localization;
			sourceTree = "<group>";
		};
		4000RESOURCES00001 /* Resources */ = {
			isa = PBXGroup;
			children = (
				2000B111222333445566 /* Localizable.xcstrings */,
			);
			path = Resources;
			sourceTree = "<group>";
		};
		4000BDD811B778859DDB /* Views */ = {
			isa = PBXGroup;
			children = (
				20005B77B1A1EFC9EA05 /* ActionCardsGrid.swift */,
				20003F92B199F9827BCA /* CEFRDistributionCard.swift */,
				20002A4CBDD7D76C361F /* HeaderView.swift */,
				200034E8C11F48348C6D /* HomepageView.swift */,
				2000F5E38233F07AA9F3 /* LiquidGlassTabBar.swift */,
				200096513C5AE8139597 /* MobileSearchView.swift */,
				200020749F4D43ABD652 /* SRSMemoryHeroCard.swift */,
				200008890465B3CF1A36 /* SearchNewWordView.swift */,
				2000B63A5CC107F07807 /* SuggestedWordsCardView.swift */,
			);
			path = Views;
			sourceTree = "<group>";
		};
		4000C597CF74B9A0760A /* Entities */ = {
			isa = PBXGroup;
			children = (
				200036675EAE3D605018 /* SuggestedWord.swift */,
				20002A121BF620A9A229 /* Word.swift */,
			);
			path = Entities;
			sourceTree = "<group>";
		};
		4000D4D5BFC6AFCDAB4C /* Settings */ = {
			isa = PBXGroup;
			children = (
				4000F469B1859F43FCE7 /* ViewModels */,
				400050E4B38D3FDEFBF7 /* Views */,
			);
			path = Settings;
			sourceTree = "<group>";
		};
		4000DA48C316E1ADA496 /* SRS */ = {
			isa = PBXGroup;
			children = (
				20003498E286D20C1EBC /* SRSEngine.swift */,
			);
			path = SRS;
			sourceTree = "<group>";
		};
		4000DCA222F51AEF85D4 /* Features */ = {
			isa = PBXGroup;
			children = (
				400035A206369F2FAA77 /* Homepage */,
				4000A827BA6524C5D45F /* ReflexDrill */,
				4000D4D5BFC6AFCDAB4C /* Settings */,
				4000235BDB4106301AF2 /* Vocabulary */,
			);
			path = Features;
			sourceTree = "<group>";
		};
		4000DEF12674BF0F315F /* Mock */ = {
			isa = PBXGroup;
			children = (
				20007597124286610F99 /* MockVocabularyDataSource.swift */,
			);
			path = Mock;
			sourceTree = "<group>";
		};
		4000F469B1859F43FCE7 /* ViewModels */ = {
			isa = PBXGroup;
			children = (
				20001869ACE6A7807D33 /* SettingsViewModel.swift */,
			);
			path = ViewModels;
			sourceTree = "<group>";
		};
		4000FF1944B7E810992A /* Components */ = {
			isa = PBXGroup;
			children = (
				200020A86E4013F2A9E9 /* ProfileHeaderCard.swift */,
				2000DD96DA258E5661BB /* SettingsRowView.swift */,
			);
			path = Components;
			sourceTree = "<group>";
		};
		400099444B36ECEA33E0 /* Engine */ = {
			isa = PBXGroup;
			children = (
				200039B0E8475383FEFA /* SilenceDetector.swift */,
				2000D37579A0D86E8769 /* SpeechRecognitionEngine.swift */,
			);
			path = Engine;
			sourceTree = "<group>";
		};
		4000D82FA29262F55A14 /* Evaluation */ = {
			isa = PBXGroup;
			children = (
				2000FADDE6CA3EA1DA38 /* FuzzySpeechMatcher.swift */,
				2000C15AB5EAE471F6F0 /* SequenceAligner.swift */,
				2000AD238354265694ED /* StringNormalizer.swift */,
			);
			path = Evaluation;
			sourceTree = "<group>";
		};
		40001BCC37C214AEBB8C /* Models */ = {
			isa = PBXGroup;
			children = (
				2000DD35B1FA84ABCE05 /* SpeechEvaluationResult.swift */,
				200075B525D12FA887F6 /* SpeechKitError.swift */,
				2000355C892D49CEE080 /* WordMatchStatus.swift */,
				2000802DF61246A27CC0 /* WordTokenResult.swift */,
			);
			path = Models;
			sourceTree = "<group>";
		};
		4000C970B10D0CB97BD2 /* Protocols */ = {
			isa = PBXGroup;
			children = (
				2000EBFFD548C273DED3 /* SpeechAssessmentProtocol.swift */,
			);
			path = Protocols;
			sourceTree = "<group>";
		};
		4000E0E3928453FAF0A6 /* UI */ = {
			isa = PBXGroup;
			children = (
				2000C11273B413F47E21 /* SpeechWordHighlightView.swift */,
			);
			path = UI;
			sourceTree = "<group>";
		};
		4000E9529EF1DC1AE414 /* SpeechKit */ = {
			isa = PBXGroup;
			children = (
				400099444B36ECEA33E0 /* Engine */,
				4000D82FA29262F55A14 /* Evaluation */,
				40001BCC37C214AEBB8C /* Models */,
				4000C970B10D0CB97BD2 /* Protocols */,
				4000E0E3928453FAF0A6 /* UI */,
				20007BF8B72CFEC3007C /* SpeechAssessmentService.swift */,
			);
			path = SpeechKit;
			sourceTree = "<group>";
		};
		400030A41344F33193C4 /* SpeechKitTests */ = {
			isa = PBXGroup;
			children = (
				2000A97D89A8D2F003B0 /* FuzzySpeechMatcherTests.swift */,
				200040B2BA42F6B0A168 /* SilenceDetectorTests.swift */,
				2000E580CD8F30CC7BC8 /* SpeechAssessmentServiceTests.swift */,
				2000A302D996E4804027 /* SpeechKitModelTests.swift */,
				200083E7229A9CC492C1 /* SpeechWordHighlightViewTests.swift */,
				20003758086F870878E1 /* StringNormalizerTests.swift */,
			);
			path = SpeechKitTests;
			sourceTree = "<group>";
		};
/* End PBXGroup section */

/* Begin PBXNativeTarget section */
		600000012D50000000000000 /* VocabCraftApp */ = {
			isa = PBXNativeTarget;
			buildConfigurationList = 500000012D50000000000000 /* Build configuration list for PBXNativeTarget "VocabCraftApp" */;
			buildPhases = (
				100000022D50000000000000 /* Sources */,
				100000012D50000000000000 /* Frameworks */,
				100000002D50000000000099 /* Embed App Extensions */,
			);
			buildRules = (
			);
			dependencies = (
				800000402D50000000000001 /* PBXTargetDependency */,
			);
			name = VocabCraftApp;
			productName = VocabCraftApp;
			productReference = 200000002D50000000000000 /* VocabCraftApp.app */;
			productType = "com.apple.product-type.application";
		};
		600000022D50000000000000 /* VocabCraftWidgetExtension */ = {
			isa = PBXNativeTarget;
			buildConfigurationList = 500000022D50000000000000 /* Build configuration list for PBXNativeTarget "VocabCraftWidgetExtension" */;
			buildPhases = (
				100000402D50000000000002 /* Sources */,
				100000402D50000000000000 /* Frameworks */,
			);
			buildRules = (
			);
			dependencies = (
			);
			name = VocabCraftWidgetExtension;
			productName = VocabCraftWidgetExtension;
			productReference = 200000402D50000000000000 /* VocabCraftWidgetExtension.appex */;
			productType = "com.apple.product-type.app-extension";
		};
		600000032D50000000000000 /* VocabCraftAppTests */ = {
			isa = PBXNativeTarget;
			buildConfigurationList = 500000032D50000000000000 /* Build configuration list for PBXNativeTarget "VocabCraftAppTests" */;
			buildPhases = (
				100000502D50000000000002 /* Sources */,
				100000502D50000000000000 /* Frameworks */,
			);
			buildRules = (
			);
			dependencies = (
				800000502D50000000000001 /* PBXTargetDependency */,
			);
			name = VocabCraftAppTests;
			productName = VocabCraftAppTests;
			productReference = 200000502D50000000000000 /* VocabCraftAppTests.xctest */;
			productType = "com.apple.product-type.bundle.unit-test";
		};
/* End PBXNativeTarget section */

/* Begin PBXProject section */
		100000002D50000000000000 /* Project object */ = {
			isa = PBXProject;
			attributes = {
				BuildIndependentTargetsInParallel = 1;
				LastSwiftUpdateCheck = 1540;
				LastUpgradeCheck = 1540;
				TargetAttributes = {
					600000012D50000000000000 = {
						CreatedOnToolsVersion = 15.4;
					};
					600000022D50000000000000 = {
						CreatedOnToolsVersion = 15.4;
					};
					600000032D50000000000000 = {
						CreatedOnToolsVersion = 15.4;
						TestTargetID = 600000012D50000000000000;
					};
				};
			};
			buildConfigurationList = 500000002D50000000000000 /* Build configuration list for PBXProject "VocabCraftApp" */;
			compatibilityVersion = "Xcode 14.0";
			developmentRegion = en;
			hasScannedForEncodings = 0;
			knownRegions = (
				en,
				Base,
			);
			mainGroup = 400000002D50000000000000;
			productRefGroup = 400000092D50000000000000 /* Products */;
			projectDirPath = "";
			projectRoot = "";
			targets = (
				600000012D50000000000000 /* VocabCraftApp */,
				600000022D50000000000000 /* VocabCraftWidgetExtension */,
				600000032D50000000000000 /* VocabCraftAppTests */,
			);
		};
/* End PBXProject section */

/* Begin PBXSourcesBuildPhase section */
		100000022D50000000000000 /* Sources */ = {
			isa = PBXSourcesBuildPhase;
			buildActionMask = 2147483647;
			files = (
				3000A20100000000000B /* CollocationExtractor.swift in Sources */,
				3000A201000000000001 /* QuickReflexPrompt.swift in Sources */,
				3000A201000000000002 /* QuickReflexPromptFactory.swift in Sources */,
				3000A201000000000003 /* TargetExpressionMatcher.swift in Sources */,
				3000A201000000000004 /* QuickReflexAttempt.swift in Sources */,
				3000A201000000000005 /* QuickReflexAttemptRepositoryProtocol.swift in Sources */,
				3000A201000000000006 /* QuickReflexAttemptRepositoryImpl.swift in Sources */,
				300014ABEEFD5E14865F /* MarkLearnedIntent.swift in Sources */,
				3000C94DD80FE52023FA /* NextWordIntent.swift in Sources */,
				3000473CACA7476916FA /* VocabWidget.swift in Sources */,
				300075A9C43B4E98CD5D /* VocabWidgetView.swift in Sources */,
				300008F25FA2F8FA1668 /* AppRouter.swift in Sources */,
				300008F15FA2F8FA1668 /* VocabularyFilterService.swift in Sources */,
				300008F35FA2F8FA1668 /* DatasetDataSourceProtocol.swift in Sources */,
				3000DE9D056D85598F6E /* AppContainer.swift in Sources */,
				3000FAD85B1C0D0923C5 /* EnvironmentKeys.swift in Sources */,
				30005D17660A661FF2F5 /* VocabCraftApp.swift in Sources */,
				300054D51843DFDCEB06 /* SpeechRecognitionService.swift in Sources */,
				3000BEA090FB6DD9E928 /* TextToSpeechService.swift in Sources */,
				300054D59B97E59482EE /* DatasetEngine.swift in Sources */,
				3000D26FBFB21A7CA2FE /* DatasetModels.swift in Sources */,
				30008C6450FFC705ADA3 /* SharedAppGroupContainer.swift in Sources */,
				30009AC1BB7654E455DF /* SwiftDataModels.swift in Sources */,
				3000928AAF987BEB4203 /* UserSettingsStore.swift in Sources */,
				3000A111222333445566 /* AppStrings.swift in Sources */,
				3000B111222333445566 /* Localizable.xcstrings in Sources */,
				3000B21282A5513A6144 /* Color+VocabCraft.swift in Sources */,
				3000F3EB39E8AC94F8B1 /* SRSSparkleEffectView.swift in Sources */,
				3000A1A2B3C4D5E6F7890001 /* VocabMicControlHubView.swift in Sources */,
				3000A1A2B3C4D5E6F7890002 /* VocabSpeechVisualizerView.swift in Sources */,
				30003498E286D20C1EBC /* SRSEngine.swift in Sources */,
				3000EA1A05F3921C21B6 /* UserProgressModelActor.swift in Sources */,
				30007597124286610F99 /* MockVocabularyDataSource.swift in Sources */,
				3000FBE3EC435722C797 /* MockVocabularyRepository.swift in Sources */,
				30002717CA572B9B21A6 /* SRSRepositoryImpl.swift in Sources */,
				3000174FE7B23888C774 /* VocabularyRepositoryImpl.swift in Sources */,
				300036675EAE3D605018 /* SuggestedWord.swift in Sources */,
				30002A121BF620A9A229 /* Word.swift in Sources */,
				30004E04DA4BC3CA718A /* QuickDrillStep.swift in Sources */,
				30009BA5E0FA3F4BBCE5 /* AudioServiceProtocols.swift in Sources */,
				30001B54BD9C7BC878A1 /* SRSRepositoryProtocol.swift in Sources */,
				3000A91CFCCE87349186 /* VocabularyRepositoryProtocol.swift in Sources */,
				3000B4B5FCC45C726654 /* EvaluateSRSUseCase.swift in Sources */,
				300001F55FA2F8FA1668 /* FetchVocabularyUseCase.swift in Sources */,
				30008990938AED4AD135 /* HomepageViewModel.swift in Sources */,
				30005B77B1A1EFC9EA05 /* ActionCardsGrid.swift in Sources */,
				30003F92B199F9827BCA /* CEFRDistributionCard.swift in Sources */,
				30002A4CBDD7D76C361F /* HeaderView.swift in Sources */,
				300034E8C11F48348C6D /* HomepageView.swift in Sources */,
				3000F5E38233F07AA9F3 /* LiquidGlassTabBar.swift in Sources */,
				300096513C5AE8139597 /* MobileSearchView.swift in Sources */,
				300020749F4D43ABD652 /* SRSMemoryHeroCard.swift in Sources */,
				300008890465B3CF1A36 /* SearchNewWordView.swift in Sources */,
				3000B63A5CC107F07807 /* SuggestedWordsCardView.swift in Sources */,
				30007465AED07FB92017 /* ReflexDrillView.swift in Sources */,
				3000F8D39E9F4428B5C0 /* ReflexDrillViewModel.swift in Sources */,
				30001869ACE6A7807D33 /* SettingsViewModel.swift in Sources */,
				300020A86E4013F2A9E9 /* ProfileHeaderCard.swift in Sources */,
				3000DD96DA258E5661BB /* SettingsRowView.swift in Sources */,
				3000F862E9AA098E9263 /* SettingsView.swift in Sources */,
				30008890835203644360 /* SubTopicSessionEngine.swift in Sources */,
				3000C27C11DD5CE9F2EC /* TopicDeckModels.swift in Sources */,
				30004CE3746FBD029DA6 /* WordItem.swift in Sources */,
				3000D1AFA639C3CAA534 /* QuickReflexDrillViewModel.swift in Sources */,
				3000A6E85473D55734B1 /* StudySessionViewModel.swift in Sources */,
				3000A2F071BDE838E61F /* VocabularyViewModel.swift in Sources */,
				300080D6E75B2F2E5FAD /* QuickReflexDrillSheetView.swift in Sources */,
				3000FE45C5E45EEC44B5 /* ReflexFlipCardView.swift in Sources */,
				3000A970E3851B674608 /* SubTopicPreviewSheet.swift in Sources */,
				300089ECF8394BCF829D /* SubTopicSessionSummaryView.swift in Sources */,
				30004690023DBF023642 /* SubTopicStudySessionView.swift in Sources */,
				300059ED8728D30706F6 /* TopicDeckDetailView.swift in Sources */,
				300002C5048BEE69D758 /* TopicDecksGridView.swift in Sources */,
				300073FE6FA5AB57DCF7 /* VocabularySummaryCard.swift in Sources */,
				3000AE48F46F0BF167D1 /* VocabularyView.swift in Sources */,
				30000DD711B4AA5C7E90 /* WordAccordionCard.swift in Sources */,
			
				300039B0E8475383FEFA /* SilenceDetector.swift in Sources */,
				3000D37579A0D86E8769 /* SpeechRecognitionEngine.swift in Sources */,
				3000FADDE6CA3EA1DA38 /* FuzzySpeechMatcher.swift in Sources */,
				3000C15AB5EAE471F6F0 /* SequenceAligner.swift in Sources */,
				3000AD238354265694ED /* StringNormalizer.swift in Sources */,
				3000DD35B1FA84ABCE05 /* SpeechEvaluationResult.swift in Sources */,
				300075B525D12FA887F6 /* SpeechKitError.swift in Sources */,
				3000355C892D49CEE080 /* WordMatchStatus.swift in Sources */,
				3000802DF61246A27CC0 /* WordTokenResult.swift in Sources */,
				3000EBFFD548C273DED3 /* SpeechAssessmentProtocol.swift in Sources */,
				30007BF8B72CFEC3007C /* SpeechAssessmentService.swift in Sources */,
				3000C11273B413F47E21 /* SpeechWordHighlightView.swift in Sources */,);
			runOnlyForDeploymentPostprocessing = 0;
		};
		100000402D50000000000002 /* Sources */ = {
			isa = PBXSourcesBuildPhase;
			buildActionMask = 2147483647;
			files = (
				300014ABEEFD5E14865F /* MarkLearnedIntent.swift in Sources */,
				3000C94DD80FE52023FA /* NextWordIntent.swift in Sources */,
				3000473CACA7476916FA /* VocabWidget.swift in Sources */,
				300002284C02A8E338C2 /* VocabWidgetBundle.swift in Sources */,
				300075A9C43B4E98CD5D /* VocabWidgetView.swift in Sources */,
				300132D6AE8B05DECF03 /* DatasetEngine.swift in Sources */,
				300008F35FA2F8FA1668 /* DatasetDataSourceProtocol.swift in Sources */,
				30010ECE298907299966 /* SharedAppGroupContainer.swift in Sources */,
				3001573EA4CC3FAE2D09 /* SwiftDataModels.swift in Sources */,
				30019977515C5A5B7FC8 /* DatasetModels.swift in Sources */,
				3001A8C3A90BD362D3C1 /* SRSEngine.swift in Sources */,
			);
			runOnlyForDeploymentPostprocessing = 0;
		};
		100000502D50000000000002 /* Sources */ = {
			isa = PBXSourcesBuildPhase;
			buildActionMask = 2147483647;
			files = (
				3000A20100000000000C /* CollocationExtractorTests.swift in Sources */,
				3000A201000000000007 /* QuickReflexPromptFactoryTests.swift in Sources */,
				3000A201000000000009 /* TargetExpressionMatcherTests.swift in Sources */,
				3000A20100000000000A /* QuickReflexAttemptRepositoryTests.swift in Sources */,
				300008F55FA2F8FA1668 /* AppRouterTests.swift in Sources */,
				300008F65FA2F8FA1668 /* DatasetDataSourceTests.swift in Sources */,
				300008F45FA2F8FA1668 /* VocabularyFilterServiceTests.swift in Sources */,
				300055893DED0D8FA1E3 /* DatasetEngineTests.swift in Sources */,
				3000D052EA676149B3D6 /* ColorTokensTests.swift in Sources */,
				3000C63E337713EC8B32 /* EvaluateSRSUseCaseTests.swift in Sources */,
				3000E12B85B25E96B828 /* BentoCardsTests.swift in Sources */,
				300031F097ABA2148D97 /* HeaderViewTests.swift in Sources */,
				30004EBBFAE9BCDF3AB9 /* HomepageViewTests.swift in Sources */,
				3000B8BA7058BCC04544 /* MobileSearchViewTests.swift in Sources */,
				3000F020886343A9460C /* SuggestedWordsCardViewTests.swift in Sources */,
				3000D50F7F5D8C2CEA88 /* QuickDrillStepTests.swift in Sources */,
				3000E0ACD94DDAB84823 /* QuickReflexDrillSheetViewTests.swift in Sources */,
				3000BA864DF00075F57F /* QuickReflexDrillViewModelTests.swift in Sources */,
				300051810A7B65A07F9A /* VocabularyModelsTests.swift in Sources */,
				300041B134BDE2385881 /* VocabularyViewTests.swift in Sources */,
				3000871815071728E145 /* VocabularyViewsTests.swift in Sources */,
				300091F224DACBC284B0 /* MockVocabularyRepository.swift in Sources */,
				30009A66CE4FB106804A /* ReflexDrillViewModelTests.swift in Sources */,
				3000EAE4A7B7D61EA805 /* ReflexDrillViewTests.swift in Sources */,
				3000129F1C781D6703DB /* ReflexFlipCardViewTests.swift in Sources */,
				3000B1DEE633B1C8F81E /* SRSEngineTests.swift in Sources */,
				30007E84695DF55F278D /* SettingsViewModelTests.swift in Sources */,
				30004D5A668F6276E9BC /* SettingsViewTests.swift in Sources */,
				3000CE88B8551858B787 /* SpeechServiceTests.swift in Sources */,
				3000B5772208CF9770FA /* StudySessionViewModelTests.swift in Sources */,
				3000F67BBB703E2C8F8D /* SubTopicPreviewSheetTests.swift in Sources */,
				3000D3A2E3E9C2B62FFA /* SubTopicSessionEngineTests.swift in Sources */,
				30009BBF16DB9BD6F1CE /* SubTopicSessionSummaryViewTests.swift in Sources */,
				30003F8BC4CF0102DDE2 /* SubTopicStudySessionViewTests.swift in Sources */,
				3000FAC198AA799A3AC5 /* SwiftDataModelsTests.swift in Sources */,
				3000E3AFED7A38ECFE12 /* TopicDeckDetailViewTests.swift in Sources */,
				30006C3205A7C09C3ED0 /* TopicDeckModelsTests.swift in Sources */,
				3000CD9B3F3B4D5FDBA7 /* UserSettingsStoreTests.swift in Sources */,
				3000B8D5FB4EC872D73A /* VocabularyViewModelTests.swift in Sources */,
				300084512C285C79A09D /* WidgetIntentsTests.swift in Sources */,
			
				3000A97D89A8D2F003B0 /* FuzzySpeechMatcherTests.swift in Sources */,
				300040B2BA42F6B0A168 /* SilenceDetectorTests.swift in Sources */,
				3000E580CD8F30CC7BC8 /* SpeechAssessmentServiceTests.swift in Sources */,
				3000A302D996E4804027 /* SpeechKitModelTests.swift in Sources */,
				300083E7229A9CC492C1 /* SpeechWordHighlightViewTests.swift in Sources */,
				30003758086F870878E1 /* StringNormalizerTests.swift in Sources */,
				30004C19D2AB6B584153 /* ReflexDrillViewModelSpeechTests.swift in Sources */,);
			runOnlyForDeploymentPostprocessing = 0;
		};
/* End PBXSourcesBuildPhase section */

/* Begin PBXTargetDependency section */
		800000402D50000000000001 /* PBXTargetDependency */ = {
			isa = PBXTargetDependency;
			target = 600000022D50000000000000 /* VocabCraftWidgetExtension */;
			targetProxy = 6DDC7997302C78A200A87070 /* PBXContainerItemProxy */;
		};
		800000502D50000000000001 /* PBXTargetDependency */ = {
			isa = PBXTargetDependency;
			target = 600000012D50000000000000 /* VocabCraftApp */;
			targetProxy = 6DDC7998302C78A200A87070 /* PBXContainerItemProxy */;
		};
/* End PBXTargetDependency section */

/* Begin XCBuildConfiguration section */
		500000002D50000000000001 /* Debug */ = {
			isa = XCBuildConfiguration;
			buildSettings = {
				ALWAYS_SEARCH_USER_PATHS = NO;
				CLANG_ANALYZER_NONNULL = YES;
				CLANG_CXX_LANGUAGE_STANDARD = "gnu++20";
				CLANG_ENABLE_MODULES = YES;
				CLANG_ENABLE_OBJC_ARC = YES;
				CODE_SIGN_ENTITLEMENTS = VocabCraftApp/App/VocabCraftApp.entitlements;
				CODE_SIGN_STYLE = Automatic;
				COMPILATION_CACHE_ENABLE_CACHING = YES;
				CURRENT_PROJECT_VERSION = 1;
				DEBUG_INFORMATION_FORMAT = dwarf;
				EAGER_LINKING = YES;
				ENABLE_TESTABILITY = YES;
				GCC_OPTIMIZATION_LEVEL = 0;
				GENERATE_INFOPLIST_FILE = NO;
				INFOPLIST_FILE = VocabCraftApp/App/Info.plist;
				IPHONEOS_DEPLOYMENT_TARGET = 17.0;
				MARKETING_VERSION = 1.0;
				ONLY_ACTIVE_ARCH = YES;
				PRODUCT_BUNDLE_IDENTIFIER = com.hoojinguyen.vocabcraft;
				PRODUCT_NAME = "$(TARGET_NAME)";
				SDKROOT = iphoneos;
				SWIFT_COMPILATION_MODE = singlefile;
				SWIFT_OPTIMIZATION_LEVEL = "-Onone";
				SWIFT_VERSION = 5.0;
				TARGETED_DEVICE_FAMILY = "1,2";
			};
			name = Debug;
		};
		500000002D50000000000002 /* Release */ = {
			isa = XCBuildConfiguration;
			buildSettings = {
				ALWAYS_SEARCH_USER_PATHS = NO;
				CLANG_ANALYZER_NONNULL = YES;
				CLANG_CXX_LANGUAGE_STANDARD = "gnu++20";
				CLANG_ENABLE_MODULES = YES;
				CLANG_ENABLE_OBJC_ARC = YES;
				CODE_SIGN_ENTITLEMENTS = VocabCraftApp/App/VocabCraftApp.entitlements;
				CODE_SIGN_STYLE = Automatic;
				COMPILATION_CACHE_ENABLE_CACHING = YES;
				CURRENT_PROJECT_VERSION = 1;
				DEBUG_INFORMATION_FORMAT = "dwarf-with-dsym";
				ENABLE_TESTABILITY = NO;
				GCC_OPTIMIZATION_LEVEL = s;
				GENERATE_INFOPLIST_FILE = NO;
				INFOPLIST_FILE = VocabCraftApp/App/Info.plist;
				IPHONEOS_DEPLOYMENT_TARGET = 17.0;
				MARKETING_VERSION = 1.0;
				ONLY_ACTIVE_ARCH = NO;
				PRODUCT_BUNDLE_IDENTIFIER = com.hoojinguyen.vocabcraft;
				PRODUCT_NAME = "$(TARGET_NAME)";
				SDKROOT = iphoneos;
				SWIFT_COMPILATION_MODE = wholemodule;
				SWIFT_OPTIMIZATION_LEVEL = "-O";
				SWIFT_VERSION = 5.0;
				TARGETED_DEVICE_FAMILY = "1,2";
			};
			name = Release;
		};
		500000012D50000000000001 /* Debug */ = {
			isa = XCBuildConfiguration;
			buildSettings = {
				ALWAYS_SEARCH_USER_PATHS = NO;
				CLANG_ANALYZER_NONNULL = YES;
				CLANG_CXX_LANGUAGE_STANDARD = "gnu++20";
				CLANG_ENABLE_MODULES = YES;
				CLANG_ENABLE_OBJC_ARC = YES;
				CODE_SIGN_ENTITLEMENTS = VocabCraftApp/App/VocabCraftApp.entitlements;
				CODE_SIGN_STYLE = Automatic;
				CURRENT_PROJECT_VERSION = 1;
				DEFINES_MODULE = YES;
				DEVELOPMENT_TEAM = 58TYVC4N97;
				ENABLE_TESTABILITY = YES;
				GENERATE_INFOPLIST_FILE = NO;
				INFOPLIST_FILE = VocabCraftApp/App/Info.plist;
				IPHONEOS_DEPLOYMENT_TARGET = 17.0;
				MARKETING_VERSION = 1.0;
				PRODUCT_BUNDLE_IDENTIFIER = com.hoojinguyen.vocabcraft;
				PRODUCT_MODULE_NAME = VocabCraftApp;
				PRODUCT_NAME = "$(TARGET_NAME)";
				SDKROOT = iphoneos;
				SWIFT_VERSION = 5.0;
				TARGETED_DEVICE_FAMILY = "1,2";
			};
			name = Debug;
		};
		500000012D50000000000002 /* Release */ = {
			isa = XCBuildConfiguration;
			buildSettings = {
				ALWAYS_SEARCH_USER_PATHS = NO;
				CLANG_ANALYZER_NONNULL = YES;
				CLANG_CXX_LANGUAGE_STANDARD = "gnu++20";
				CLANG_ENABLE_MODULES = YES;
				CLANG_ENABLE_OBJC_ARC = YES;
				CODE_SIGN_ENTITLEMENTS = VocabCraftApp/App/VocabCraftApp.entitlements;
				CODE_SIGN_STYLE = Automatic;
				CURRENT_PROJECT_VERSION = 1;
				DEVELOPMENT_TEAM = 58TYVC4N97;
				GENERATE_INFOPLIST_FILE = NO;
				INFOPLIST_FILE = VocabCraftApp/App/Info.plist;
				IPHONEOS_DEPLOYMENT_TARGET = 17.0;
				MARKETING_VERSION = 1.0;
				PRODUCT_BUNDLE_IDENTIFIER = com.hoojinguyen.vocabcraft;
				PRODUCT_NAME = "$(TARGET_NAME)";
				SDKROOT = iphoneos;
				SWIFT_VERSION = 5.0;
				TARGETED_DEVICE_FAMILY = "1,2";
			};
			name = Release;
		};
		500000022D50000000000001 /* Debug */ = {
			isa = XCBuildConfiguration;
			buildSettings = {
				ALWAYS_SEARCH_USER_PATHS = NO;
				CLANG_ENABLE_MODULES = YES;
				CODE_SIGN_STYLE = Automatic;
				CURRENT_PROJECT_VERSION = 1;
				DEFINES_MODULE = YES;
				DEVELOPMENT_TEAM = 58TYVC4N97;
				GENERATE_INFOPLIST_FILE = NO;
				INFOPLIST_FILE = VocabCraftWidgetExtension/Info.plist;
				IPHONEOS_DEPLOYMENT_TARGET = 17.0;
				MARKETING_VERSION = 1.0;
				PRODUCT_BUNDLE_IDENTIFIER = com.hoojinguyen.vocabcraft.widget;
				PRODUCT_MODULE_NAME = VocabCraftWidgetExtension;
				PRODUCT_NAME = "$(TARGET_NAME)";
				SDKROOT = iphoneos;
				SKIP_INSTALL = YES;
				SWIFT_VERSION = 5.0;
				TARGETED_DEVICE_FAMILY = "1,2";
			};
			name = Debug;
		};
		500000022D50000000000002 /* Release */ = {
			isa = XCBuildConfiguration;
			buildSettings = {
				ALWAYS_SEARCH_USER_PATHS = NO;
				CLANG_ENABLE_MODULES = YES;
				CODE_SIGN_STYLE = Automatic;
				CURRENT_PROJECT_VERSION = 1;
				DEFINES_MODULE = YES;
				DEVELOPMENT_TEAM = 58TYVC4N97;
				GENERATE_INFOPLIST_FILE = NO;
				INFOPLIST_FILE = VocabCraftWidgetExtension/Info.plist;
				IPHONEOS_DEPLOYMENT_TARGET = 17.0;
				MARKETING_VERSION = 1.0;
				PRODUCT_BUNDLE_IDENTIFIER = com.hoojinguyen.vocabcraft.widget;
				PRODUCT_MODULE_NAME = VocabCraftWidgetExtension;
				PRODUCT_NAME = "$(TARGET_NAME)";
				SDKROOT = iphoneos;
				SKIP_INSTALL = YES;
				SWIFT_VERSION = 5.0;
				TARGETED_DEVICE_FAMILY = "1,2";
			};
			name = Release;
		};
		500000032D50000000000001 /* Debug */ = {
			isa = XCBuildConfiguration;
			buildSettings = {
				ALWAYS_SEARCH_USER_PATHS = NO;
				BUNDLE_LOADER = "$(TEST_HOST)";
				CLANG_ENABLE_MODULES = YES;
				CODE_SIGN_STYLE = Automatic;
				CURRENT_PROJECT_VERSION = 1;
				GENERATE_INFOPLIST_FILE = YES;
				IPHONEOS_DEPLOYMENT_TARGET = 17.0;
				MARKETING_VERSION = 1.0;
				PRODUCT_BUNDLE_IDENTIFIER = com.hoojinguyen.vocabcraft.tests;
				PRODUCT_NAME = "$(TARGET_NAME)";
				SDKROOT = iphoneos;
				SWIFT_VERSION = 5.0;
				TARGETED_DEVICE_FAMILY = "1,2";
				TEST_HOST = "$(BUILT_PRODUCTS_DIR)/VocabCraftApp.app/$(BUNDLE_EXECUTABLE_FOLDER_PATH)/VocabCraftApp";
			};
			name = Debug;
		};
		500000032D50000000000002 /* Release */ = {
			isa = XCBuildConfiguration;
			buildSettings = {
				ALWAYS_SEARCH_USER_PATHS = NO;
				BUNDLE_LOADER = "$(TEST_HOST)";
				CLANG_ENABLE_MODULES = YES;
				CODE_SIGN_STYLE = Automatic;
				CURRENT_PROJECT_VERSION = 1;
				GENERATE_INFOPLIST_FILE = YES;
				IPHONEOS_DEPLOYMENT_TARGET = 17.0;
				MARKETING_VERSION = 1.0;
				PRODUCT_BUNDLE_IDENTIFIER = com.hoojinguyen.vocabcraft.tests;
				PRODUCT_NAME = "$(TARGET_NAME)";
				SDKROOT = iphoneos;
				SWIFT_VERSION = 5.0;
				TARGETED_DEVICE_FAMILY = "1,2";
				TEST_HOST = "$(BUILT_PRODUCTS_DIR)/VocabCraftApp.app/$(BUNDLE_EXECUTABLE_FOLDER_PATH)/VocabCraftApp";
			};
			name = Release;
		};
/* End XCBuildConfiguration section */

/* Begin XCConfigurationList section */
		500000002D50000000000000 /* Build configuration list for PBXProject "VocabCraftApp" */ = {
			isa = XCConfigurationList;
			buildConfigurations = (
				500000002D50000000000001 /* Debug */,
				500000002D50000000000002 /* Release */,
			);
			defaultConfigurationIsVisible = 0;
			defaultConfigurationName = Release;
		};
		500000012D50000000000000 /* Build configuration list for PBXNativeTarget "VocabCraftApp" */ = {
			isa = XCConfigurationList;
			buildConfigurations = (
				500000012D50000000000001 /* Debug */,
				500000012D50000000000002 /* Release */,
			);
			defaultConfigurationIsVisible = 0;
			defaultConfigurationName = Release;
		};
		500000022D50000000000000 /* Build configuration list for PBXNativeTarget "VocabCraftWidgetExtension" */ = {
			isa = XCConfigurationList;
			buildConfigurations = (
				500000022D50000000000001 /* Debug */,
				500000022D50000000000002 /* Release */,
			);
			defaultConfigurationIsVisible = 0;
			defaultConfigurationName = Release;
		};
		500000032D50000000000000 /* Build configuration list for PBXNativeTarget "VocabCraftAppTests" */ = {
			isa = XCConfigurationList;
			buildConfigurations = (
				500000032D50000000000001 /* Debug */,
				500000032D50000000000002 /* Release */,
			);
			defaultConfigurationIsVisible = 0;
			defaultConfigurationName = Release;
		};
/* End XCConfigurationList section */
	};
	rootObject = 100000002D50000000000000 /* Project object */;
}
